
Microsoft Visual Studio Solution File, Format Version 12.00
# Visual Studio 15
VisualStudioVersion = 15.0.27130.2027
MinimumVisualStudioVersion = 10.0.40219.1
Project("{2150E333-8FDC-42A3-9474-1A3956D46DE8}") = "common", "common", "{4A404682-7269-402B-AC62-A052FF43786F}"
EndProject
Project("{2150E333-8FDC-42A3-9474-1A3956D46DE8}") = "chat", "chat", "{582C6F46-8B57-4C25-8E7A-2C6EDC2D3C56}"
EndProject
Project("{2150E333-8FDC-42A3-9474-1A3956D46DE8}") = "pageTracker", "pageTracker", "{2D5B8B58-E2A2-4056-9EBD-6B7057E01A18}"
EndProject
Project("{2150E333-8FDC-42A3-9474-1A3956D46DE8}") = "featureService", "featureService", "{CC279F3E-B0A4-4258-9492-35A1AF90B329}"
EndProject
Project("{2150E333-8FDC-42A3-9474-1A3956D46DE8}") = "web", "web", "{23898DD5-6A7E-4D34-B444-F6CC063F6781}"
EndProject
Project("{FAE04EC0-301F-11D3-BF4B-00C04F79EFBC}") = "Com.O2Bionics.Utils", "src\common\Com.O2Bionics.Utils\Com.O2Bionics.Utils.csproj", "{0E93B727-715A-4E47-9C1C-9BA6AFD5829E}"
	ProjectSection(ProjectDependencies) = postProject
		{E97E7E6A-63FA-4D71-BFD6-F0B916DB97BD} = {E97E7E6A-63FA-4D71-BFD6-F0B916DB97BD}
		{A1E4DCF0-23A3-4140-8FCD-55E17690E918} = {A1E4DCF0-23A3-4140-8FCD-55E17690E918}
	EndProjectSection
EndProject
Project("{FAE04EC0-301F-11D3-BF4B-00C04F79EFBC}") = "Com.O2Bionics.Utils.Web", "src\common\Com.O2Bionics.Utils.Web\Com.O2Bionics.Utils.Web.csproj", "{4CE4A4C2-FD6F-4A23-B5B9-01D5DCFE4C9B}"
EndProject
Project("{FAE04EC0-301F-11D3-BF4B-00C04F79EFBC}") = "Com.O2Bionics.Utils.Tests", "src\common\Com.O2Bionics.Utils.Tests\Com.O2Bionics.Utils.Tests.csproj", "{217C0977-573D-4506-8B1C-E04B6A46CDB3}"
EndProject
Project("{FAE04EC0-301F-11D3-BF4B-00C04F79EFBC}") = "Com.O2Bionics.ChatService", "src\chat\Com.O2Bionics.ChatService\Com.O2Bionics.ChatService.csproj", "{81F04964-931E-4A90-A6F1-B5E5BCCDE5C9}"
EndProject
Project("{FAE04EC0-301F-11D3-BF4B-00C04F79EFBC}") = "Com.O2Bionics.ChatService.Contract", "src\chat\Com.O2Bionics.ChatService.Contract\Com.O2Bionics.ChatService.Contract.csproj", "{017F459A-D86B-4DD9-BC8C-2D73568C76DA}"
EndProject
Project("{FAE04EC0-301F-11D3-BF4B-00C04F79EFBC}") = "Com.O2Bionics.ChatService.Host", "src\chat\Com.O2Bionics.ChatService.Host\Com.O2Bionics.ChatService.Host.csproj", "{F62378BD-8D4B-458C-8364-B44D0A8A27AE}"
EndProject
Project("{FAE04EC0-301F-11D3-BF4B-00C04F79EFBC}") = "Com.O2Bionics.ChatService.Tests", "src\chat\Com.O2Bionics.ChatService.Tests\Com.O2Bionics.ChatService.Tests.csproj", "{77586804-E598-4558-A3B9-E8DB36F70FB3}"
EndProject
Project("{FAE04EC0-301F-11D3-BF4B-00C04F79EFBC}") = "Com.O2Bionics.PageTracker", "src\pageTracker\Com.O2Bionics.PageTracker\Com.O2Bionics.PageTracker.csproj", "{690BF077-8E08-4CED-8228-D35AD0544C74}"
EndProject
Project("{FAE04EC0-301F-11D3-BF4B-00C04F79EFBC}") = "Com.O2Bionics.PageTracker.Tests", "src\pageTracker\Com.O2Bionics.PageTracker.Tests\Com.O2Bionics.PageTracker.Tests.csproj", "{7EC4D4CD-F68D-4A87-8735-AF14EAD7A733}"
	ProjectSection(ProjectDependencies) = postProject
		{7AE4A654-4D3F-464B-901E-FE386E13A50A} = {7AE4A654-4D3F-464B-901E-FE386E13A50A}
	EndProjectSection
EndProject
Project("{FAE04EC0-301F-11D3-BF4B-00C04F79EFBC}") = "Com.O2Bionics.FeatureService", "src\featureService\Com.O2Bionics.FeatureService\Com.O2Bionics.FeatureService.csproj", "{43C87DBC-E09A-4E9F-A81E-9F156B18F063}"
EndProject
Project("{FAE04EC0-301F-11D3-BF4B-00C04F79EFBC}") = "Com.O2Bionics.FeatureService.Impl", "src\featureService\Com.O2Bionics.FeatureService.Impl\Com.O2Bionics.FeatureService.Impl.csproj", "{E1C394A6-1ECD-42D1-97B9-1F7CC5C7EDDC}"
EndProject
Project("{FAE04EC0-301F-11D3-BF4B-00C04F79EFBC}") = "Com.O2Bionics.FeatureService.Client", "src\featureService\Com.O2Bionics.FeatureService.Client\Com.O2Bionics.FeatureService.Client.csproj", "{58A3A5C2-DA25-4760-9EA8-1975776F2DD3}"
EndProject
Project("{FAE04EC0-301F-11D3-BF4B-00C04F79EFBC}") = "Com.O2Bionics.FeatureService.SelfHostWeb", "src\featureService\Com.O2Bionics.FeatureService.SelfHostWeb\Com.O2Bionics.FeatureService.SelfHostWeb.csproj", "{C6AA1A8C-8F56-4D28-9986-E602A9215954}"
EndProject
Project("{FAE04EC0-301F-11D3-BF4B-00C04F79EFBC}") = "Com.O2Bionics.FeatureService.Tests", "src\featureService\Com.O2Bionics.FeatureService.Tests\Com.O2Bionics.FeatureService.Tests.csproj", "{77A97814-5787-4A45-808E-35D1A8160FDF}"
	ProjectSection(ProjectDependencies) = postProject
		{C6AA1A8C-8F56-4D28-9986-E602A9215954} = {C6AA1A8C-8F56-4D28-9986-E602A9215954}
		{937264E6-F417-479D-A217-F50F7D2497AC} = {937264E6-F417-479D-A217-F50F7D2497AC}
	EndProjectSection
EndProject
Project("{FAE04EC0-301F-11D3-BF4B-00C04F79EFBC}") = "com.o2bionics.chat", "src\web\com.o2bionics.chat\com.o2bionics.chat.csproj", "{093DE69B-6CD2-4DBF-B4F1-9A7F5BEFD5D1}"
EndProject
Project("{FAE04EC0-301F-11D3-BF4B-00C04F79EFBC}") = "com.o2bionics.chat.www", "src\web\com.o2bionics.chat.www\com.o2bionics.chat.www.csproj", "{8D7E336C-C5AE-41F7-81B9-D2AF4B237A61}"
EndProject
Project("{FAE04EC0-301F-11D3-BF4B-00C04F79EFBC}") = "com.o2bionics.chat.www-st", "src\web\com.o2bionics.chat.www-st\com.o2bionics.chat.www-st.csproj", "{9E2F0793-5A63-45F5-AC23-C09FDEF30049}"
EndProject
Project("{FAE04EC0-301F-11D3-BF4B-00C04F79EFBC}") = "com.o2bionics.chat.c-st", "src\web\com.o2bionics.chat.c-st\com.o2bionics.chat.c-st.csproj", "{A2F5FEAA-03E2-4401-8F81-D13EDA91EE19}"
EndProject
Project("{FAE04EC0-301F-11D3-BF4B-00C04F79EFBC}") = "com.o2bionics.chat.app", "src\web\com.o2bionics.chat.app\com.o2bionics.chat.app.csproj", "{2D971433-EE15-47FA-A0D1-E2A4E0E30D7E}"
EndProject
Project("{FAE04EC0-301F-11D3-BF4B-00C04F79EFBC}") = "com.o2bionics.chat.app-st", "src\web\com.o2bionics.chat.app-st\com.o2bionics.chat.app-st.csproj", "{4CBEACCE-7DDB-47AD-B3AD-BB7651C917DB}"
EndProject
Project("{FAE04EC0-301F-11D3-BF4B-00C04F79EFBC}") = "com.o2bionics.chat.fs", "src\web\com.o2bionics.chat.fs\com.o2bionics.chat.fs.csproj", "{937264E6-F417-479D-A217-F50F7D2497AC}"
EndProject
Project("{FAE04EC0-301F-11D3-BF4B-00C04F79EFBC}") = "com.o2bionics.chat.tr", "src\web\com.o2bionics.chat.tr\com.o2bionics.chat.tr.csproj", "{7AE4A654-4D3F-464B-901E-FE386E13A50A}"
EndProject
Project("{FAE04EC0-301F-11D3-BF4B-00C04F79EFBC}") = "com.customer", "src\web\com.customer\com.customer.csproj", "{BFF50D8F-B1BD-4922-9845-E4CE65FBE412}"
EndProject
Project("{FAE04EC0-301F-11D3-BF4B-00C04F79EFBC}") = "Com.O2Bionics.FeatureService.Constants", "src\featureService\Com.O2Bionics.FeatureService.Constants\Com.O2Bionics.FeatureService.Constants.csproj", "{E97E7E6A-63FA-4D71-BFD6-F0B916DB97BD}"
EndProject
Project("{F5034706-568F-408A-B7B3-4D38C6DB8A32}") = "deploy", "deploy\deploy.pssproj", "{6CAFC0C6-A428-4D30-A9F9-700E829FEA51}"
EndProject
Project("{FAE04EC0-301F-11D3-BF4B-00C04F79EFBC}") = "Com.O2Bionics.Tests.Common", "src\common\Com.O2Bionics.Tests.Common\Com.O2Bionics.Tests.Common.csproj", "{A4D0AACE-3FF5-4030-A5B2-883F16AC1A82}"
EndProject
Project("{FAE04EC0-301F-11D3-BF4B-00C04F79EFBC}") = "Com.O2Bionics.PageTracker.DatabaseTool", "src\pageTracker\Com.O2Bionics.PageTracker.DatabaseTool\Com.O2Bionics.PageTracker.DatabaseTool.csproj", "{529291EC-2BEB-4A11-B67D-9C2FC3F3572B}"
EndProject
Project("{FAE04EC0-301F-11D3-BF4B-00C04F79EFBC}") = "com.o2bionics.chat.ats", "src\web\com.o2bionics.chat.ats\com.o2bionics.chat.ats.csproj", "{E5E7717E-2FFC-4264-A496-014212BCD025}"
EndProject
Project("{2150E333-8FDC-42A3-9474-1A3956D46DE8}") = "utilities", "utilities", "{71428675-E9B8-4F8B-8587-C16D50CC5038}"
EndProject
Project("{FAE04EC0-301F-11D3-BF4B-00C04F79EFBC}") = "Com.O2Bionics.Console", "src\utilities\Com.O2Bionics.Console\Com.O2Bionics.Console.csproj", "{7F4ADEE9-F02B-41D7-AE59-D8D51FF632E0}"
EndProject
Project("{FAE04EC0-301F-11D3-BF4B-00C04F79EFBC}") = "Com.O2Bionics.ErrorTracker", "src\common\Com.O2Bionics.ErrorTracker\Com.O2Bionics.ErrorTracker.csproj", "{6B74F4BB-8587-4AF6-A404-0D2F4D8665DF}"
EndProject
Project("{FAE04EC0-301F-11D3-BF4B-00C04F79EFBC}") = "Com.O2Bionics.ErrorTracker.Web", "src\common\Com.O2Bionics.ErrorTracker.Web\Com.O2Bionics.ErrorTracker.Web.csproj", "{4D53A19C-991F-448E-A0EC-DC4D266BE0D2}"
EndProject
Project("{FAE04EC0-301F-11D3-BF4B-00C04F79EFBC}") = "Com.O2Bionics.ErrorTracker.Tests", "src\common\Com.O2Bionics.ErrorTracker.Tests\Com.O2Bionics.ErrorTracker.Tests.csproj", "{A8AA795E-CFBE-47B4-B107-9BD5906E1197}"
EndProject
Project("{FAE04EC0-301F-11D3-BF4B-00C04F79EFBC}") = "Com.O2Bionics.Elastic", "src\common\Com.O2Bionics.Elastic\Com.O2Bionics.Elastic.csproj", "{32182B64-C191-488B-8E4B-11AEAA6A5C0D}"
	ProjectSection(ProjectDependencies) = postProject
		{217C0977-573D-4506-8B1C-E04B6A46CDB3} = {217C0977-573D-4506-8B1C-E04B6A46CDB3}
		{7F960E94-73E9-4C84-9741-7B08F10043BD} = {7F960E94-73E9-4C84-9741-7B08F10043BD}
		{017F459A-D86B-4DD9-BC8C-2D73568C76DA} = {017F459A-D86B-4DD9-BC8C-2D73568C76DA}
		{C99575A7-BFD2-4F3E-831A-CCD7836E4B06} = {C99575A7-BFD2-4F3E-831A-CCD7836E4B06}
		{8899D1B8-2CBD-4B98-B842-053DDEDC0B63} = {8899D1B8-2CBD-4B98-B842-053DDEDC0B63}
		{4CE4A4C2-FD6F-4A23-B5B9-01D5DCFE4C9B} = {4CE4A4C2-FD6F-4A23-B5B9-01D5DCFE4C9B}
		{29F01DE4-32F3-4D92-B2EA-BE75788868CC} = {29F01DE4-32F3-4D92-B2EA-BE75788868CC}
		{A1E4DCF0-23A3-4140-8FCD-55E17690E918} = {A1E4DCF0-23A3-4140-8FCD-55E17690E918}
	EndProjectSection
EndProject
Project("{2150E333-8FDC-42A3-9474-1A3956D46DE8}") = "auditTrail", "auditTrail", "{FCAE1CCB-9E3E-4081-B8E3-ECF457879283}"
EndProject
Project("{FAE04EC0-301F-11D3-BF4B-00C04F79EFBC}") = "Com.O2Bionics.AuditTrail", "src\auditTrail\Com.O2Bionics.AuditTrail\Com.O2Bionics.AuditTrail.csproj", "{5BD1B58F-2DED-4050-8C0E-4982939CF861}"
EndProject
Project("{FAE04EC0-301F-11D3-BF4B-00C04F79EFBC}") = "Com.O2Bionics.AuditTrail.Client", "src\auditTrail\Com.O2Bionics.AuditTrail.Client\Com.O2Bionics.AuditTrail.Client.csproj", "{C99575A7-BFD2-4F3E-831A-CCD7836E4B06}"
EndProject
Project("{FAE04EC0-301F-11D3-BF4B-00C04F79EFBC}") = "Com.O2Bionics.AuditTrail.Contract", "src\auditTrail\Com.O2Bionics.AuditTrail.Contract\Com.O2Bionics.AuditTrail.Contract.csproj", "{7F960E94-73E9-4C84-9741-7B08F10043BD}"
EndProject
Project("{FAE04EC0-301F-11D3-BF4B-00C04F79EFBC}") = "Com.O2Bionics.AuditTrail.Tests", "src\auditTrail\Com.O2Bionics.AuditTrail.Tests\Com.O2Bionics.AuditTrail.Tests.csproj", "{F34B1F11-5877-462F-A24E-6D0FA3B30EDD}"
	ProjectSection(ProjectDependencies) = postProject
		{E5E7717E-2FFC-4264-A496-014212BCD025} = {E5E7717E-2FFC-4264-A496-014212BCD025}
	EndProjectSection
EndProject
Project("{FAE04EC0-301F-11D3-BF4B-00C04F79EFBC}") = "Com.O2Bionics.Chat.App.Tests", "src\chat\Com.O2Bionics.Chat.App.Tests\Com.O2Bionics.Chat.App.Tests.csproj", "{FCF62CB2-06A8-4149-B501-00FF9FBCD7CF}"
	ProjectSection(ProjectDependencies) = postProject
		{2D971433-EE15-47FA-A0D1-E2A4E0E30D7E} = {2D971433-EE15-47FA-A0D1-E2A4E0E30D7E}
		{7AE4A654-4D3F-464B-901E-FE386E13A50A} = {7AE4A654-4D3F-464B-901E-FE386E13A50A}
		{E5E7717E-2FFC-4264-A496-014212BCD025} = {E5E7717E-2FFC-4264-A496-014212BCD025}
		{C77363AB-5CD3-4D82-A02E-4D0ABAAB9687} = {C77363AB-5CD3-4D82-A02E-4D0ABAAB9687}
		{937264E6-F417-479D-A217-F50F7D2497AC} = {937264E6-F417-479D-A217-F50F7D2497AC}
	EndProjectSection
EndProject
Project("{FAE04EC0-301F-11D3-BF4B-00C04F79EFBC}") = "Com.O2Bionics.ChatService.Widget", "src\chat\Com.O2Bionics.ChatService.Widget\Com.O2Bionics.ChatService.Widget.csproj", "{E47E7C18-F8A2-4E86-991B-8A703B0A7BAC}"
EndProject
Project("{FAE04EC0-301F-11D3-BF4B-00C04F79EFBC}") = "com.o2bionics.chat.mailer", "src\web\com.o2bionics.chat.mailer\com.o2bionics.chat.mailer.csproj", "{EB53B774-0950-40C9-B9DE-3681458724F2}"
EndProject
Project("{2150E333-8FDC-42A3-9474-1A3956D46DE8}") = "mailerService", "mailerService", "{A88BC6AD-7E21-4212-887C-9216377E3C9A}"
EndProject
Project("{FAE04EC0-301F-11D3-BF4B-00C04F79EFBC}") = "Com.O2Bionics.MailerService", "src\mailerService\Com.O2Bionics.MailerService\Com.O2Bionics.MailerService.csproj", "{DE446873-5055-4E28-ACD3-EAFBDDA6313A}"
EndProject
Project("{FAE04EC0-301F-11D3-BF4B-00C04F79EFBC}") = "Com.O2Bionics.MailerService.Client", "src\mailerService\Com.O2Bionics.MailerService.Client\Com.O2Bionics.MailerService.Client.csproj", "{8899D1B8-2CBD-4B98-B842-053DDEDC0B63}"
EndProject
Project("{FAE04EC0-301F-11D3-BF4B-00C04F79EFBC}") = "Com.O2Bionics.MailerService.Tests", "src\mailerService\Com.O2Bionics.MailerService.Tests\Com.O2Bionics.MailerService.Tests.csproj", "{938AB1DC-FD28-434A-A6C9-6A90EDD05333}"
	ProjectSection(ProjectDependencies) = postProject
		{EB53B774-0950-40C9-B9DE-3681458724F2} = {EB53B774-0950-40C9-B9DE-3681458724F2}
	EndProjectSection
EndProject
Project("{FAE04EC0-301F-11D3-BF4B-00C04F79EFBC}") = "Com.O2Bionics.MailerService.Contract", "src\mailerService\Com.O2Bionics.MailerService.Contract\Com.O2Bionics.MailerService.Contract.csproj", "{29F01DE4-32F3-4D92-B2EA-BE75788868CC}"
EndProject
Project("{9A19103F-16F7-4668-BE54-9A1E7A4F7556}") = "Com.O2Bionics.Utils.Core", "src\common\Com.O2Bionics.Utils.Core\Com.O2Bionics.Utils.Core.csproj", "{A1E4DCF0-23A3-4140-8FCD-55E17690E918}"
EndProject
Project("{FAE04EC0-301F-11D3-BF4B-00C04F79EFBC}") = "com.o2bionics.chat.c", "src\web\como2bionics.chat.c\com.o2bionics.chat.c.csproj", "{C77363AB-5CD3-4D82-A02E-4D0ABAAB9687}"
EndProject
Project("{2150E333-8FDC-42A3-9474-1A3956D46DE8}") = "webTests", "webTests", "{8408B3FE-55F7-4A0D-A674-39E0221A0871}"
EndProject
Project("{FAE04EC0-301F-11D3-BF4B-00C04F79EFBC}") = "Com.O2Bionics.Web.App.Tests", "src\webTests\Com.O2Bionics.Web.App.Tests\Com.O2Bionics.Web.App.Tests.csproj", "{E57C7B13-9108-4EAB-B6CB-D0F4DE267A77}"
EndProject
Global
	GlobalSection(SolutionConfigurationPlatforms) = preSolution
		Debug|Any CPU = Debug|Any CPU
		Release|Any CPU = Release|Any CPU
	EndGlobalSection
	GlobalSection(ProjectConfigurationPlatforms) = postSolution
		{0E93B727-715A-4E47-9C1C-9BA6AFD5829E}.Debug|Any CPU.ActiveCfg = Debug|Any CPU
		{0E93B727-715A-4E47-9C1C-9BA6AFD5829E}.Debug|Any CPU.Build.0 = Debug|Any CPU
		{0E93B727-715A-4E47-9C1C-9BA6AFD5829E}.Release|Any CPU.ActiveCfg = Release|Any CPU
		{0E93B727-715A-4E47-9C1C-9BA6AFD5829E}.Release|Any CPU.Build.0 = Release|Any CPU
		{4CE4A4C2-FD6F-4A23-B5B9-01D5DCFE4C9B}.Debug|Any CPU.ActiveCfg = Debug|Any CPU
		{4CE4A4C2-FD6F-4A23-B5B9-01D5DCFE4C9B}.Debug|Any CPU.Build.0 = Debug|Any CPU
		{4CE4A4C2-FD6F-4A23-B5B9-01D5DCFE4C9B}.Release|Any CPU.ActiveCfg = Release|Any CPU
		{4CE4A4C2-FD6F-4A23-B5B9-01D5DCFE4C9B}.Release|Any CPU.Build.0 = Release|Any CPU
		{217C0977-573D-4506-8B1C-E04B6A46CDB3}.Debug|Any CPU.ActiveCfg = Debug|Any CPU
		{217C0977-573D-4506-8B1C-E04B6A46CDB3}.Debug|Any CPU.Build.0 = Debug|Any CPU
		{217C0977-573D-4506-8B1C-E04B6A46CDB3}.Release|Any CPU.ActiveCfg = Release|Any CPU
		{217C0977-573D-4506-8B1C-E04B6A46CDB3}.Release|Any CPU.Build.0 = Release|Any CPU
		{81F04964-931E-4A90-A6F1-B5E5BCCDE5C9}.Debug|Any CPU.ActiveCfg = Debug|Any CPU
		{81F04964-931E-4A90-A6F1-B5E5BCCDE5C9}.Debug|Any CPU.Build.0 = Debug|Any CPU
		{81F04964-931E-4A90-A6F1-B5E5BCCDE5C9}.Release|Any CPU.ActiveCfg = Release|Any CPU
		{81F04964-931E-4A90-A6F1-B5E5BCCDE5C9}.Release|Any CPU.Build.0 = Release|Any CPU
		{017F459A-D86B-4DD9-BC8C-2D73568C76DA}.Debug|Any CPU.ActiveCfg = Debug|Any CPU
		{017F459A-D86B-4DD9-BC8C-2D73568C76DA}.Debug|Any CPU.Build.0 = Debug|Any CPU
		{017F459A-D86B-4DD9-BC8C-2D73568C76DA}.Release|Any CPU.ActiveCfg = Release|Any CPU
		{017F459A-D86B-4DD9-BC8C-2D73568C76DA}.Release|Any CPU.Build.0 = Release|Any CPU
		{F62378BD-8D4B-458C-8364-B44D0A8A27AE}.Debug|Any CPU.ActiveCfg = Debug|Any CPU
		{F62378BD-8D4B-458C-8364-B44D0A8A27AE}.Debug|Any CPU.Build.0 = Debug|Any CPU
		{F62378BD-8D4B-458C-8364-B44D0A8A27AE}.Release|Any CPU.ActiveCfg = Release|Any CPU
		{F62378BD-8D4B-458C-8364-B44D0A8A27AE}.Release|Any CPU.Build.0 = Release|Any CPU
		{77586804-E598-4558-A3B9-E8DB36F70FB3}.Debug|Any CPU.ActiveCfg = Debug|Any CPU
		{77586804-E598-4558-A3B9-E8DB36F70FB3}.Debug|Any CPU.Build.0 = Debug|Any CPU
		{77586804-E598-4558-A3B9-E8DB36F70FB3}.Release|Any CPU.ActiveCfg = Release|Any CPU
		{77586804-E598-4558-A3B9-E8DB36F70FB3}.Release|Any CPU.Build.0 = Release|Any CPU
		{690BF077-8E08-4CED-8228-D35AD0544C74}.Debug|Any CPU.ActiveCfg = Debug|Any CPU
		{690BF077-8E08-4CED-8228-D35AD0544C74}.Debug|Any CPU.Build.0 = Debug|Any CPU
		{690BF077-8E08-4CED-8228-D35AD0544C74}.Release|Any CPU.ActiveCfg = Release|Any CPU
		{690BF077-8E08-4CED-8228-D35AD0544C74}.Release|Any CPU.Build.0 = Release|Any CPU
		{7EC4D4CD-F68D-4A87-8735-AF14EAD7A733}.Debug|Any CPU.ActiveCfg = Debug|Any CPU
		{7EC4D4CD-F68D-4A87-8735-AF14EAD7A733}.Debug|Any CPU.Build.0 = Debug|Any CPU
		{7EC4D4CD-F68D-4A87-8735-AF14EAD7A733}.Release|Any CPU.ActiveCfg = Release|Any CPU
		{7EC4D4CD-F68D-4A87-8735-AF14EAD7A733}.Release|Any CPU.Build.0 = Release|Any CPU
		{43C87DBC-E09A-4E9F-A81E-9F156B18F063}.Debug|Any CPU.ActiveCfg = Debug|Any CPU
		{43C87DBC-E09A-4E9F-A81E-9F156B18F063}.Debug|Any CPU.Build.0 = Debug|Any CPU
		{43C87DBC-E09A-4E9F-A81E-9F156B18F063}.Release|Any CPU.ActiveCfg = Release|Any CPU
		{43C87DBC-E09A-4E9F-A81E-9F156B18F063}.Release|Any CPU.Build.0 = Release|Any CPU
		{E1C394A6-1ECD-42D1-97B9-1F7CC5C7EDDC}.Debug|Any CPU.ActiveCfg = Debug|Any CPU
		{E1C394A6-1ECD-42D1-97B9-1F7CC5C7EDDC}.Debug|Any CPU.Build.0 = Debug|Any CPU
		{E1C394A6-1ECD-42D1-97B9-1F7CC5C7EDDC}.Release|Any CPU.ActiveCfg = Release|Any CPU
		{E1C394A6-1ECD-42D1-97B9-1F7CC5C7EDDC}.Release|Any CPU.Build.0 = Release|Any CPU
		{58A3A5C2-DA25-4760-9EA8-1975776F2DD3}.Debug|Any CPU.ActiveCfg = Debug|Any CPU
		{58A3A5C2-DA25-4760-9EA8-1975776F2DD3}.Debug|Any CPU.Build.0 = Debug|Any CPU
		{58A3A5C2-DA25-4760-9EA8-1975776F2DD3}.Release|Any CPU.ActiveCfg = Release|Any CPU
		{58A3A5C2-DA25-4760-9EA8-1975776F2DD3}.Release|Any CPU.Build.0 = Release|Any CPU
		{C6AA1A8C-8F56-4D28-9986-E602A9215954}.Debug|Any CPU.ActiveCfg = Debug|Any CPU
		{C6AA1A8C-8F56-4D28-9986-E602A9215954}.Debug|Any CPU.Build.0 = Debug|Any CPU
		{C6AA1A8C-8F56-4D28-9986-E602A9215954}.Release|Any CPU.ActiveCfg = Release|Any CPU
		{C6AA1A8C-8F56-4D28-9986-E602A9215954}.Release|Any CPU.Build.0 = Release|Any CPU
		{77A97814-5787-4A45-808E-35D1A8160FDF}.Debug|Any CPU.ActiveCfg = Debug|Any CPU
		{77A97814-5787-4A45-808E-35D1A8160FDF}.Debug|Any CPU.Build.0 = Debug|Any CPU
		{77A97814-5787-4A45-808E-35D1A8160FDF}.Release|Any CPU.ActiveCfg = Release|Any CPU
		{77A97814-5787-4A45-808E-35D1A8160FDF}.Release|Any CPU.Build.0 = Release|Any CPU
		{093DE69B-6CD2-4DBF-B4F1-9A7F5BEFD5D1}.Debug|Any CPU.ActiveCfg = Debug|Any CPU
		{093DE69B-6CD2-4DBF-B4F1-9A7F5BEFD5D1}.Debug|Any CPU.Build.0 = Debug|Any CPU
		{093DE69B-6CD2-4DBF-B4F1-9A7F5BEFD5D1}.Release|Any CPU.ActiveCfg = Release|Any CPU
		{093DE69B-6CD2-4DBF-B4F1-9A7F5BEFD5D1}.Release|Any CPU.Build.0 = Release|Any CPU
		{8D7E336C-C5AE-41F7-81B9-D2AF4B237A61}.Debug|Any CPU.ActiveCfg = Debug|Any CPU
		{8D7E336C-C5AE-41F7-81B9-D2AF4B237A61}.Debug|Any CPU.Build.0 = Debug|Any CPU
		{8D7E336C-C5AE-41F7-81B9-D2AF4B237A61}.Release|Any CPU.ActiveCfg = Release|Any CPU
		{8D7E336C-C5AE-41F7-81B9-D2AF4B237A61}.Release|Any CPU.Build.0 = Release|Any CPU
		{9E2F0793-5A63-45F5-AC23-C09FDEF30049}.Debug|Any CPU.ActiveCfg = Debug|Any CPU
		{9E2F0793-5A63-45F5-AC23-C09FDEF30049}.Debug|Any CPU.Build.0 = Debug|Any CPU
		{9E2F0793-5A63-45F5-AC23-C09FDEF30049}.Release|Any CPU.ActiveCfg = Release|Any CPU
		{9E2F0793-5A63-45F5-AC23-C09FDEF30049}.Release|Any CPU.Build.0 = Release|Any CPU
		{A2F5FEAA-03E2-4401-8F81-D13EDA91EE19}.Debug|Any CPU.ActiveCfg = Debug|Any CPU
		{A2F5FEAA-03E2-4401-8F81-D13EDA91EE19}.Debug|Any CPU.Build.0 = Debug|Any CPU
		{A2F5FEAA-03E2-4401-8F81-D13EDA91EE19}.Release|Any CPU.ActiveCfg = Release|Any CPU
		{A2F5FEAA-03E2-4401-8F81-D13EDA91EE19}.Release|Any CPU.Build.0 = Release|Any CPU
		{2D971433-EE15-47FA-A0D1-E2A4E0E30D7E}.Debug|Any CPU.ActiveCfg = Debug|Any CPU
		{2D971433-EE15-47FA-A0D1-E2A4E0E30D7E}.Debug|Any CPU.Build.0 = Debug|Any CPU
		{2D971433-EE15-47FA-A0D1-E2A4E0E30D7E}.Release|Any CPU.ActiveCfg = Release|Any CPU
		{2D971433-EE15-47FA-A0D1-E2A4E0E30D7E}.Release|Any CPU.Build.0 = Release|Any CPU
		{4CBEACCE-7DDB-47AD-B3AD-BB7651C917DB}.Debug|Any CPU.ActiveCfg = Debug|Any CPU
		{4CBEACCE-7DDB-47AD-B3AD-BB7651C917DB}.Debug|Any CPU.Build.0 = Debug|Any CPU
		{4CBEACCE-7DDB-47AD-B3AD-BB7651C917DB}.Release|Any CPU.ActiveCfg = Release|Any CPU
		{4CBEACCE-7DDB-47AD-B3AD-BB7651C917DB}.Release|Any CPU.Build.0 = Release|Any CPU
		{937264E6-F417-479D-A217-F50F7D2497AC}.Debug|Any CPU.ActiveCfg = Debug|Any CPU
		{937264E6-F417-479D-A217-F50F7D2497AC}.Debug|Any CPU.Build.0 = Debug|Any CPU
		{937264E6-F417-479D-A217-F50F7D2497AC}.Release|Any CPU.ActiveCfg = Release|Any CPU
		{937264E6-F417-479D-A217-F50F7D2497AC}.Release|Any CPU.Build.0 = Release|Any CPU
		{7AE4A654-4D3F-464B-901E-FE386E13A50A}.Debug|Any CPU.ActiveCfg = Debug|Any CPU
		{7AE4A654-4D3F-464B-901E-FE386E13A50A}.Debug|Any CPU.Build.0 = Debug|Any CPU
		{7AE4A654-4D3F-464B-901E-FE386E13A50A}.Release|Any CPU.ActiveCfg = Release|Any CPU
		{7AE4A654-4D3F-464B-901E-FE386E13A50A}.Release|Any CPU.Build.0 = Release|Any CPU
		{BFF50D8F-B1BD-4922-9845-E4CE65FBE412}.Debug|Any CPU.ActiveCfg = Debug|Any CPU
		{BFF50D8F-B1BD-4922-9845-E4CE65FBE412}.Debug|Any CPU.Build.0 = Debug|Any CPU
		{BFF50D8F-B1BD-4922-9845-E4CE65FBE412}.Release|Any CPU.ActiveCfg = Release|Any CPU
		{BFF50D8F-B1BD-4922-9845-E4CE65FBE412}.Release|Any CPU.Build.0 = Release|Any CPU
		{E97E7E6A-63FA-4D71-BFD6-F0B916DB97BD}.Debug|Any CPU.ActiveCfg = Debug|Any CPU
		{E97E7E6A-63FA-4D71-BFD6-F0B916DB97BD}.Debug|Any CPU.Build.0 = Debug|Any CPU
		{E97E7E6A-63FA-4D71-BFD6-F0B916DB97BD}.Release|Any CPU.ActiveCfg = Release|Any CPU
		{E97E7E6A-63FA-4D71-BFD6-F0B916DB97BD}.Release|Any CPU.Build.0 = Release|Any CPU
		{6CAFC0C6-A428-4D30-A9F9-700E829FEA51}.Debug|Any CPU.ActiveCfg = Debug|Any CPU
		{6CAFC0C6-A428-4D30-A9F9-700E829FEA51}.Debug|Any CPU.Build.0 = Debug|Any CPU
		{6CAFC0C6-A428-4D30-A9F9-700E829FEA51}.Release|Any CPU.ActiveCfg = Release|Any CPU
		{6CAFC0C6-A428-4D30-A9F9-700E829FEA51}.Release|Any CPU.Build.0 = Release|Any CPU
		{A4D0AACE-3FF5-4030-A5B2-883F16AC1A82}.Debug|Any CPU.ActiveCfg = Debug|Any CPU
		{A4D0AACE-3FF5-4030-A5B2-883F16AC1A82}.Debug|Any CPU.Build.0 = Debug|Any CPU
		{A4D0AACE-3FF5-4030-A5B2-883F16AC1A82}.Release|Any CPU.ActiveCfg = Release|Any CPU
		{A4D0AACE-3FF5-4030-A5B2-883F16AC1A82}.Release|Any CPU.Build.0 = Release|Any CPU
		{529291EC-2BEB-4A11-B67D-9C2FC3F3572B}.Debug|Any CPU.ActiveCfg = Debug|Any CPU
		{529291EC-2BEB-4A11-B67D-9C2FC3F3572B}.Debug|Any CPU.Build.0 = Debug|Any CPU
		{529291EC-2BEB-4A11-B67D-9C2FC3F3572B}.Release|Any CPU.ActiveCfg = Release|Any CPU
		{529291EC-2BEB-4A11-B67D-9C2FC3F3572B}.Release|Any CPU.Build.0 = Release|Any CPU
		{E5E7717E-2FFC-4264-A496-014212BCD025}.Debug|Any CPU.ActiveCfg = Debug|Any CPU
		{E5E7717E-2FFC-4264-A496-014212BCD025}.Debug|Any CPU.Build.0 = Debug|Any CPU
		{E5E7717E-2FFC-4264-A496-014212BCD025}.Release|Any CPU.ActiveCfg = Release|Any CPU
		{E5E7717E-2FFC-4264-A496-014212BCD025}.Release|Any CPU.Build.0 = Release|Any CPU
		{7F4ADEE9-F02B-41D7-AE59-D8D51FF632E0}.Debug|Any CPU.ActiveCfg = Debug|Any CPU
		{7F4ADEE9-F02B-41D7-AE59-D8D51FF632E0}.Debug|Any CPU.Build.0 = Debug|Any CPU
		{7F4ADEE9-F02B-41D7-AE59-D8D51FF632E0}.Release|Any CPU.ActiveCfg = Release|Any CPU
		{7F4ADEE9-F02B-41D7-AE59-D8D51FF632E0}.Release|Any CPU.Build.0 = Release|Any CPU
		{6B74F4BB-8587-4AF6-A404-0D2F4D8665DF}.Debug|Any CPU.ActiveCfg = Debug|Any CPU
		{6B74F4BB-8587-4AF6-A404-0D2F4D8665DF}.Debug|Any CPU.Build.0 = Debug|Any CPU
		{6B74F4BB-8587-4AF6-A404-0D2F4D8665DF}.Release|Any CPU.ActiveCfg = Release|Any CPU
		{6B74F4BB-8587-4AF6-A404-0D2F4D8665DF}.Release|Any CPU.Build.0 = Release|Any CPU
		{4D53A19C-991F-448E-A0EC-DC4D266BE0D2}.Debug|Any CPU.ActiveCfg = Debug|Any CPU
		{4D53A19C-991F-448E-A0EC-DC4D266BE0D2}.Debug|Any CPU.Build.0 = Debug|Any CPU
		{4D53A19C-991F-448E-A0EC-DC4D266BE0D2}.Release|Any CPU.ActiveCfg = Release|Any CPU
		{4D53A19C-991F-448E-A0EC-DC4D266BE0D2}.Release|Any CPU.Build.0 = Release|Any CPU
		{A8AA795E-CFBE-47B4-B107-9BD5906E1197}.Debug|Any CPU.ActiveCfg = Debug|Any CPU
		{A8AA795E-CFBE-47B4-B107-9BD5906E1197}.Debug|Any CPU.Build.0 = Debug|Any CPU
		{A8AA795E-CFBE-47B4-B107-9BD5906E1197}.Release|Any CPU.ActiveCfg = Release|Any CPU
		{A8AA795E-CFBE-47B4-B107-9BD5906E1197}.Release|Any CPU.Build.0 = Release|Any CPU
		{32182B64-C191-488B-8E4B-11AEAA6A5C0D}.Debug|Any CPU.ActiveCfg = Debug|Any CPU
		{32182B64-C191-488B-8E4B-11AEAA6A5C0D}.Debug|Any CPU.Build.0 = Debug|Any CPU
		{32182B64-C191-488B-8E4B-11AEAA6A5C0D}.Release|Any CPU.ActiveCfg = Release|Any CPU
		{32182B64-C191-488B-8E4B-11AEAA6A5C0D}.Release|Any CPU.Build.0 = Release|Any CPU
		{5BD1B58F-2DED-4050-8C0E-4982939CF861}.Debug|Any CPU.ActiveCfg = Debug|Any CPU
		{5BD1B58F-2DED-4050-8C0E-4982939CF861}.Debug|Any CPU.Build.0 = Debug|Any CPU
		{5BD1B58F-2DED-4050-8C0E-4982939CF861}.Release|Any CPU.ActiveCfg = Release|Any CPU
		{5BD1B58F-2DED-4050-8C0E-4982939CF861}.Release|Any CPU.Build.0 = Release|Any CPU
		{C99575A7-BFD2-4F3E-831A-CCD7836E4B06}.Debug|Any CPU.ActiveCfg = Debug|Any CPU
		{C99575A7-BFD2-4F3E-831A-CCD7836E4B06}.Debug|Any CPU.Build.0 = Debug|Any CPU
		{C99575A7-BFD2-4F3E-831A-CCD7836E4B06}.Release|Any CPU.ActiveCfg = Release|Any CPU
		{C99575A7-BFD2-4F3E-831A-CCD7836E4B06}.Release|Any CPU.Build.0 = Release|Any CPU
		{7F960E94-73E9-4C84-9741-7B08F10043BD}.Debug|Any CPU.ActiveCfg = Debug|Any CPU
		{7F960E94-73E9-4C84-9741-7B08F10043BD}.Debug|Any CPU.Build.0 = Debug|Any CPU
		{7F960E94-73E9-4C84-9741-7B08F10043BD}.Release|Any CPU.ActiveCfg = Release|Any CPU
		{7F960E94-73E9-4C84-9741-7B08F10043BD}.Release|Any CPU.Build.0 = Release|Any CPU
		{F34B1F11-5877-462F-A24E-6D0FA3B30EDD}.Debug|Any CPU.ActiveCfg = Debug|Any CPU
		{F34B1F11-5877-462F-A24E-6D0FA3B30EDD}.Debug|Any CPU.Build.0 = Debug|Any CPU
		{F34B1F11-5877-462F-A24E-6D0FA3B30EDD}.Release|Any CPU.ActiveCfg = Release|Any CPU
		{F34B1F11-5877-462F-A24E-6D0FA3B30EDD}.Release|Any CPU.Build.0 = Release|Any CPU
		{FCF62CB2-06A8-4149-B501-00FF9FBCD7CF}.Debug|Any CPU.ActiveCfg = Debug|Any CPU
		{FCF62CB2-06A8-4149-B501-00FF9FBCD7CF}.Debug|Any CPU.Build.0 = Debug|Any CPU
		{FCF62CB2-06A8-4149-B501-00FF9FBCD7CF}.Release|Any CPU.ActiveCfg = Release|Any CPU
		{FCF62CB2-06A8-4149-B501-00FF9FBCD7CF}.Release|Any CPU.Build.0 = Release|Any CPU
		{E47E7C18-F8A2-4E86-991B-8A703B0A7BAC}.Debug|Any CPU.ActiveCfg = Debug|Any CPU
		{E47E7C18-F8A2-4E86-991B-8A703B0A7BAC}.Debug|Any CPU.Build.0 = Debug|Any CPU
		{E47E7C18-F8A2-4E86-991B-8A703B0A7BAC}.Release|Any CPU.ActiveCfg = Release|Any CPU
		{E47E7C18-F8A2-4E86-991B-8A703B0A7BAC}.Release|Any CPU.Build.0 = Release|Any CPU
		{EB53B774-0950-40C9-B9DE-3681458724F2}.Debug|Any CPU.ActiveCfg = Debug|Any CPU
		{EB53B774-0950-40C9-B9DE-3681458724F2}.Debug|Any CPU.Build.0 = Debug|Any CPU
		{EB53B774-0950-40C9-B9DE-3681458724F2}.Release|Any CPU.ActiveCfg = Release|Any CPU
		{EB53B774-0950-40C9-B9DE-3681458724F2}.Release|Any CPU.Build.0 = Release|Any CPU
		{DE446873-5055-4E28-ACD3-EAFBDDA6313A}.Debug|Any CPU.ActiveCfg = Debug|Any CPU
		{DE446873-5055-4E28-ACD3-EAFBDDA6313A}.Debug|Any CPU.Build.0 = Debug|Any CPU
		{DE446873-5055-4E28-ACD3-EAFBDDA6313A}.Release|Any CPU.ActiveCfg = Release|Any CPU
		{DE446873-5055-4E28-ACD3-EAFBDDA6313A}.Release|Any CPU.Build.0 = Release|Any CPU
		{8899D1B8-2CBD-4B98-B842-053DDEDC0B63}.Debug|Any CPU.ActiveCfg = Debug|Any CPU
		{8899D1B8-2CBD-4B98-B842-053DDEDC0B63}.Debug|Any CPU.Build.0 = Debug|Any CPU
		{8899D1B8-2CBD-4B98-B842-053DDEDC0B63}.Release|Any CPU.ActiveCfg = Release|Any CPU
		{8899D1B8-2CBD-4B98-B842-053DDEDC0B63}.Release|Any CPU.Build.0 = Release|Any CPU
		{938AB1DC-FD28-434A-A6C9-6A90EDD05333}.Debug|Any CPU.ActiveCfg = Debug|Any CPU
		{938AB1DC-FD28-434A-A6C9-6A90EDD05333}.Debug|Any CPU.Build.0 = Debug|Any CPU
		{938AB1DC-FD28-434A-A6C9-6A90EDD05333}.Release|Any CPU.ActiveCfg = Release|Any CPU
		{938AB1DC-FD28-434A-A6C9-6A90EDD05333}.Release|Any CPU.Build.0 = Release|Any CPU
		{29F01DE4-32F3-4D92-B2EA-BE75788868CC}.Debug|Any CPU.ActiveCfg = Debug|Any CPU
		{29F01DE4-32F3-4D92-B2EA-BE75788868CC}.Debug|Any CPU.Build.0 = Debug|Any CPU
		{29F01DE4-32F3-4D92-B2EA-BE75788868CC}.Release|Any CPU.ActiveCfg = Release|Any CPU
		{29F01DE4-32F3-4D92-B2EA-BE75788868CC}.Release|Any CPU.Build.0 = Release|Any CPU
		{A1E4DCF0-23A3-4140-8FCD-55E17690E918}.Debug|Any CPU.ActiveCfg = Debug|Any CPU
		{A1E4DCF0-23A3-4140-8FCD-55E17690E918}.Debug|Any CPU.Build.0 = Debug|Any CPU
		{A1E4DCF0-23A3-4140-8FCD-55E17690E918}.Release|Any CPU.ActiveCfg = Release|Any CPU
		{A1E4DCF0-23A3-4140-8FCD-55E17690E918}.Release|Any CPU.Build.0 = Release|Any CPU
		{C77363AB-5CD3-4D82-A02E-4D0ABAAB9687}.Debug|Any CPU.ActiveCfg = Debug|Any CPU
		{C77363AB-5CD3-4D82-A02E-4D0ABAAB9687}.Debug|Any CPU.Build.0 = Debug|Any CPU
		{C77363AB-5CD3-4D82-A02E-4D0ABAAB9687}.Release|Any CPU.ActiveCfg = Release|Any CPU
		{C77363AB-5CD3-4D82-A02E-4D0ABAAB9687}.Release|Any CPU.Build.0 = Release|Any CPU
		{E57C7B13-9108-4EAB-B6CB-D0F4DE267A77}.Debug|Any CPU.ActiveCfg = Debug|Any CPU
		{E57C7B13-9108-4EAB-B6CB-D0F4DE267A77}.Debug|Any CPU.Build.0 = Debug|Any CPU
		{E57C7B13-9108-4EAB-B6CB-D0F4DE267A77}.Release|Any CPU.ActiveCfg = Release|Any CPU
		{E57C7B13-9108-4EAB-B6CB-D0F4DE267A77}.Release|Any CPU.Build.0 = Release|Any CPU
	EndGlobalSection
	GlobalSection(SolutionProperties) = preSolution
		HideSolutionNode = FALSE
	EndGlobalSection
	GlobalSection(NestedProjects) = preSolution
		{0E93B727-715A-4E47-9C1C-9BA6AFD5829E} = {4A404682-7269-402B-AC62-A052FF43786F}
		{4CE4A4C2-FD6F-4A23-B5B9-01D5DCFE4C9B} = {4A404682-7269-402B-AC62-A052FF43786F}
		{217C0977-573D-4506-8B1C-E04B6A46CDB3} = {4A404682-7269-402B-AC62-A052FF43786F}
		{81F04964-931E-4A90-A6F1-B5E5BCCDE5C9} = {582C6F46-8B57-4C25-8E7A-2C6EDC2D3C56}
		{017F459A-D86B-4DD9-BC8C-2D73568C76DA} = {582C6F46-8B57-4C25-8E7A-2C6EDC2D3C56}
		{F62378BD-8D4B-458C-8364-B44D0A8A27AE} = {582C6F46-8B57-4C25-8E7A-2C6EDC2D3C56}
		{77586804-E598-4558-A3B9-E8DB36F70FB3} = {582C6F46-8B57-4C25-8E7A-2C6EDC2D3C56}
		{690BF077-8E08-4CED-8228-D35AD0544C74} = {2D5B8B58-E2A2-4056-9EBD-6B7057E01A18}
		{7EC4D4CD-F68D-4A87-8735-AF14EAD7A733} = {2D5B8B58-E2A2-4056-9EBD-6B7057E01A18}
		{43C87DBC-E09A-4E9F-A81E-9F156B18F063} = {CC279F3E-B0A4-4258-9492-35A1AF90B329}
		{E1C394A6-1ECD-42D1-97B9-1F7CC5C7EDDC} = {CC279F3E-B0A4-4258-9492-35A1AF90B329}
		{58A3A5C2-DA25-4760-9EA8-1975776F2DD3} = {CC279F3E-B0A4-4258-9492-35A1AF90B329}
		{C6AA1A8C-8F56-4D28-9986-E602A9215954} = {CC279F3E-B0A4-4258-9492-35A1AF90B329}
		{77A97814-5787-4A45-808E-35D1A8160FDF} = {CC279F3E-B0A4-4258-9492-35A1AF90B329}
		{093DE69B-6CD2-4DBF-B4F1-9A7F5BEFD5D1} = {23898DD5-6A7E-4D34-B444-F6CC063F6781}
		{8D7E336C-C5AE-41F7-81B9-D2AF4B237A61} = {23898DD5-6A7E-4D34-B444-F6CC063F6781}
		{9E2F0793-5A63-45F5-AC23-C09FDEF30049} = {23898DD5-6A7E-4D34-B444-F6CC063F6781}
		{A2F5FEAA-03E2-4401-8F81-D13EDA91EE19} = {23898DD5-6A7E-4D34-B444-F6CC063F6781}
		{2D971433-EE15-47FA-A0D1-E2A4E0E30D7E} = {23898DD5-6A7E-4D34-B444-F6CC063F6781}
		{4CBEACCE-7DDB-47AD-B3AD-BB7651C917DB} = {23898DD5-6A7E-4D34-B444-F6CC063F6781}
		{937264E6-F417-479D-A217-F50F7D2497AC} = {23898DD5-6A7E-4D34-B444-F6CC063F6781}
		{7AE4A654-4D3F-464B-901E-FE386E13A50A} = {23898DD5-6A7E-4D34-B444-F6CC063F6781}
		{BFF50D8F-B1BD-4922-9845-E4CE65FBE412} = {23898DD5-6A7E-4D34-B444-F6CC063F6781}
		{E97E7E6A-63FA-4D71-BFD6-F0B916DB97BD} = {CC279F3E-B0A4-4258-9492-35A1AF90B329}
		{A4D0AACE-3FF5-4030-A5B2-883F16AC1A82} = {4A404682-7269-402B-AC62-A052FF43786F}
		{529291EC-2BEB-4A11-B67D-9C2FC3F3572B} = {2D5B8B58-E2A2-4056-9EBD-6B7057E01A18}
		{E5E7717E-2FFC-4264-A496-014212BCD025} = {23898DD5-6A7E-4D34-B444-F6CC063F6781}
		{7F4ADEE9-F02B-41D7-AE59-D8D51FF632E0} = {71428675-E9B8-4F8B-8587-C16D50CC5038}
		{6B74F4BB-8587-4AF6-A404-0D2F4D8665DF} = {4A404682-7269-402B-AC62-A052FF43786F}
		{4D53A19C-991F-448E-A0EC-DC4D266BE0D2} = {4A404682-7269-402B-AC62-A052FF43786F}
		{A8AA795E-CFBE-47B4-B107-9BD5906E1197} = {4A404682-7269-402B-AC62-A052FF43786F}
		{32182B64-C191-488B-8E4B-11AEAA6A5C0D} = {4A404682-7269-402B-AC62-A052FF43786F}
		{5BD1B58F-2DED-4050-8C0E-4982939CF861} = {FCAE1CCB-9E3E-4081-B8E3-ECF457879283}
		{C99575A7-BFD2-4F3E-831A-CCD7836E4B06} = {FCAE1CCB-9E3E-4081-B8E3-ECF457879283}
		{7F960E94-73E9-4C84-9741-7B08F10043BD} = {FCAE1CCB-9E3E-4081-B8E3-ECF457879283}
		{F34B1F11-5877-462F-A24E-6D0FA3B30EDD} = {FCAE1CCB-9E3E-4081-B8E3-ECF457879283}
		{FCF62CB2-06A8-4149-B501-00FF9FBCD7CF} = {582C6F46-8B57-4C25-8E7A-2C6EDC2D3C56}
		{E47E7C18-F8A2-4E86-991B-8A703B0A7BAC} = {582C6F46-8B57-4C25-8E7A-2C6EDC2D3C56}
		{EB53B774-0950-40C9-B9DE-3681458724F2} = {23898DD5-6A7E-4D34-B444-F6CC063F6781}
		{DE446873-5055-4E28-ACD3-EAFBDDA6313A} = {A88BC6AD-7E21-4212-887C-9216377E3C9A}
		{8899D1B8-2CBD-4B98-B842-053DDEDC0B63} = {A88BC6AD-7E21-4212-887C-9216377E3C9A}
		{938AB1DC-FD28-434A-A6C9-6A90EDD05333} = {A88BC6AD-7E21-4212-887C-9216377E3C9A}
		{29F01DE4-32F3-4D92-B2EA-BE75788868CC} = {A88BC6AD-7E21-4212-887C-9216377E3C9A}
		{A1E4DCF0-23A3-4140-8FCD-55E17690E918} = {4A404682-7269-402B-AC62-A052FF43786F}
		{C77363AB-5CD3-4D82-A02E-4D0ABAAB9687} = {23898DD5-6A7E-4D34-B444-F6CC063F6781}
		{E57C7B13-9108-4EAB-B6CB-D0F4DE267A77} = {8408B3FE-55F7-4A0D-A674-39E0221A0871}
	EndGlobalSection
	GlobalSection(ExtensibilityGlobals) = postSolution
		SolutionGuid = {701D9B26-66CA-43AE-B863-562FB78E87EE}
	EndGlobalSection
EndGlobal
