Microsoft Visual Studio Solution File, Format Version 12.00
# Visual Studio Version 16
VisualStudioVersion = 16.0.30114.105
MinimumVisualStudioVersion = 10.0.40219.1
Project("{2150E333-8FDC-42A3-9474-1A3956D46DE8}") = "Solution Items", "Solution Items", "{3AF739CD-81D8-428D-A08A-0A58372DEBF6}"
	ProjectSection(SolutionItems) = preProject
		Local.testsettings = Local.testsettings
		NuGet.config = NuGet.config
	EndProjectSection
EndProject
Project("{2150E333-8FDC-42A3-9474-1A3956D46DE8}") = "Services", "Services", "{3AECD354-D657-44C8-A5AC-7B6E6344682F}"
EndProject
Project("{2150E333-8FDC-42A3-9474-1A3956D46DE8}") = "Identity", "Identity", "{2366314C-4AE8-4BF2-88D0-A10AED955319}"
EndProject
Project("{9A19103F-16F7-4668-BE54-9A1E7A4F7556}") = "O2.Identity.API", "src\Services\Identity\Identity.API\O2.Identity.API.csproj", "{E41EBE31-8CC7-40AC-9D8A-2A530F06F69D}"
EndProject
Project("{2150E333-8FDC-42A3-9474-1A3956D46DE8}") = "DevTools", "DevTools", "{0FFEDBAA-F080-4B47-B47C-1D0EEF130133}"
EndProject
Project("{9A19103F-16F7-4668-BE54-9A1E7A4F7556}") = "O2.DevTools", "src\DevTools\O2.DevTools\O2.DevTools.csproj", "{900F9B11-8434-4ECB-B930-CE8AB1A59D6A}"
EndProject
Project("{2150E333-8FDC-42A3-9474-1A3956D46DE8}") = "Certificate", "Certificate", "{EF457C91-038A-46A7-BBE5-B9055D0749EF}"
EndProject
Project("{2150E333-8FDC-42A3-9474-1A3956D46DE8}") = "Toolkit", "Toolkit", "{07ECCECB-FE4B-4FB8-BF38-489F06D11A6F}"
EndProject
Project("{2150E333-8FDC-42A3-9474-1A3956D46DE8}") = "Web", "Web", "{7BB8C1B5-FF55-4B1F-B5CF-BEC86EC95A08}"
EndProject
Project("{2150E333-8FDC-42A3-9474-1A3956D46DE8}") = "BuildingBlocks", "BuildingBlocks", "{129AAB3C-E218-4AF2-B324-F15D620C0F86}"
EndProject
Project("{9A19103F-16F7-4668-BE54-9A1E7A4F7556}") = "WebHost.Customization", "src\BuildingBlocks\WebHostCustomization\WebHost.Customization\WebHost.Customization.csproj", "{E060CF84-662F-46B2-883C-A8A3B91819EA}"
EndProject
Project("{9A19103F-16F7-4668-BE54-9A1E7A4F7556}") = "Devspaces.Support", "src\BuildingBlocks\Devspaces.Support\Devspaces.Support.csproj", "{9FAD338C-FD74-457D-B067-A3489DBE3602}"
EndProject
Project("{2150E333-8FDC-42A3-9474-1A3956D46DE8}") = "Arena", "Arena", "{AD097C14-0641-46DE-B273-89C84125BAFA}"
EndProject
Project("{9A19103F-16F7-4668-BE54-9A1E7A4F7556}") = "O2.ArenaS", "src\Services\Arena\O2.Arena\O2.ArenaS\O2.ArenaS.csproj", "{F1E5237D-8B2E-4088-99CD-C60C7B915C9B}"
EndProject
Project("{2150E333-8FDC-42A3-9474-1A3956D46DE8}") = "MobileApps", "MobileApps", "{2CEB7BB4-288A-450F-9A58-C39D2E238F61}"
EndProject
Project("{2150E333-8FDC-42A3-9474-1A3956D46DE8}") = "ArenaS", "ArenaS", "{6143D8D7-87CE-4F7D-8FDC-05ACC121C4FD}"
EndProject
Project("{2150E333-8FDC-42A3-9474-1A3956D46DE8}") = "PFRCenter", "PFRCenter", "{F90AB35B-DFAB-4D77-90B7-E1A37259EEE4}"
EndProject
Project("{2150E333-8FDC-42A3-9474-1A3956D46DE8}") = "Core", "Core", "{AC19F914-0D9D-4258-8C44-85768006F013}"
EndProject
Project("{2150E333-8FDC-42A3-9474-1A3956D46DE8}") = "Targets", "Targets", "{DB392A89-901A-4849-A65C-295575D4D30F}"
EndProject
Project("{9A19103F-16F7-4668-BE54-9A1E7A4F7556}") = "PFRCenterGlobal.Core", "src\MobileApps\PFRCenterGlobal\PFRCenterGlobal\PFRCenterGlobal.Core\PFRCenterGlobal.Core.csproj", "{C047CAA3-430B-4B08-B283-08938D53C15F}"
EndProject
Project("{FAE04EC0-301F-11D3-BF4B-00C04F79EFBC}") = "PFRCenterGlobal.Droid", "src\MobileApps\PFRCenterGlobal\PFRCenterGlobal\PFRCenterGlobal.Droid\PFRCenterGlobal.Droid.csproj", "{62DBB163-9CA9-4818-B48B-13233DF37C24}"
EndProject
Project("{FAE04EC0-301F-11D3-BF4B-00C04F79EFBC}") = "PFRCenterGlobal.iOS", "src\MobileApps\PFRCenterGlobal\PFRCenterGlobal\PFRCenterGlobal.iOS\PFRCenterGlobal.iOS.csproj", "{6EEB23DC-7063-4444-9AF8-90DF24F549C0}"
EndProject
Project("{2150E333-8FDC-42A3-9474-1A3956D46DE8}") = "Tests", "Tests", "{6A6D66AD-45F7-4648-A9AA-1439945EDA3C}"
EndProject
Project("{FAE04EC0-301F-11D3-BF4B-00C04F79EFBC}") = "PFRCenterGlobal.Windows", "src\MobileApps\PFRCenterGlobal\PFRCenterGlobal\PFRCenterGlobal.Windows\PFRCenterGlobal.Windows.csproj", "{C3C1E2CF-B1F7-4654-BBDC-50143DB22E0B}"
EndProject
Project("{FAE04EC0-301F-11D3-BF4B-00C04F79EFBC}") = "PFRCenterGlobal.TestRunner.Droid", "src\MobileApps\PFRCenterGlobal\PFRCenterGlobal\PFRCenterGlobal.TestRunner.Droid\PFRCenterGlobal.TestRunner.Droid.csproj", "{A289A7F0-ACD8-42AE-87B6-AB1AFD310BF1}"
EndProject
Project("{FAE04EC0-301F-11D3-BF4B-00C04F79EFBC}") = "PFRCenterGlobal.TestRunner.iOS", "src\MobileApps\PFRCenterGlobal\PFRCenterGlobal\PFRCenterGlobal.TestRunner.iOS\PFRCenterGlobal.TestRunner.iOS.csproj", "{B68C2B56-7581-46AE-B55D-D25DDFD3BFE3}"
EndProject
Project("{FAE04EC0-301F-11D3-BF4B-00C04F79EFBC}") = "PFRCenterGlobal.TestRunner.Windows", "src\MobileApps\PFRCenterGlobal\PFRCenterGlobal\PFRCenterGlobal.TestRunner.Windows\PFRCenterGlobal.TestRunner.Windows.csproj", "{A7337243-33B8-463A-87AD-944B75EFD820}"
EndProject
Project("{FAE04EC0-301F-11D3-BF4B-00C04F79EFBC}") = "PFRCenterGlobal.UnitTests", "src\MobileApps\PFRCenterGlobal\PFRCenterGlobal\PFRCenterGlobal.UnitTests\PFRCenterGlobal.UnitTests.csproj", "{DB825DF5-3375-4809-B0D2-E79989A6C17D}"
EndProject
Project("{9A19103F-16F7-4668-BE54-9A1E7A4F7556}") = "O2.Certificate.Data", "src\Services\Certificate\O2.Certificate.Data\O2.Certificate.Data.csproj", "{A207E524-3E00-4083-98BC-DCA92765C602}"
EndProject
Project("{9A19103F-16F7-4668-BE54-9A1E7A4F7556}") = "O2.Certificate.API", "src\Services\Certificate\O2.Certificate.API\O2.Certificate.API.csproj", "{0E6CB2EA-DD84-43E7-8382-DB912ECD8874}"
EndProject
Project("{9A19103F-16F7-4668-BE54-9A1E7A4F7556}") = "O2.Black.Toolkit.Core", "src\Services\Certificate\Toolkit\O2 Black Toolkit\src\O2.Black.Toolkit.Core\O2.Black.Toolkit.Core.csproj", "{4E4F8190-5B61-4AFD-A93F-B9D9DF76300C}"
EndProject
Project("{9A19103F-16F7-4668-BE54-9A1E7A4F7556}") = "O2.Black.Toolkit.Core.Data", "src\Services\Certificate\Toolkit\O2 Black Toolkit\src\O2.Black.Toolkit.Core.Data\O2.Black.Toolkit.Core.Data.csproj", "{106A269C-7936-43F1-99FF-DBF79F4B8B21}"
EndProject
Project("{9A19103F-16F7-4668-BE54-9A1E7A4F7556}") = "O2.Black.Toolkit.Core.Repositories", "src\Services\Certificate\Toolkit\O2 Black Toolkit\src\O2.Black.Toolkit.Core.Repositories\O2.Black.Toolkit.Core.Repositories.csproj", "{542063E9-A638-49D2-A907-68F97C60115D}"
EndProject
Project("{9A19103F-16F7-4668-BE54-9A1E7A4F7556}") = "O2.Certificate.Repositories", "src\Services\Certificate\O2.Certificate.Repositories\O2.Certificate.Repositories.csproj", "{0F4FF8C7-0D11-439F-ABD5-97BD759DCE34}"
EndProject
Project("{9A19103F-16F7-4668-BE54-9A1E7A4F7556}") = "ArenaSApp", "src\MobileApps\ArenaS\ArenaSApp\ArenaSApp.csproj", "{11486008-3648-4FF0-9880-997E60E44AF4}"
EndProject
Project("{FAE04EC0-301F-11D3-BF4B-00C04F79EFBC}") = "ArenaSApp.Android", "src\MobileApps\ArenaS\ArenaSApp.Android\ArenaSApp.Android.csproj", "{DC39A9EA-1BD3-47C1-BB06-726E08D4F925}"
EndProject
Project("{E53339B2-1760-4266-BCC7-CA923CBCF16C}") = "docker-compose", "src\docker-compose.dcproj", "{FEA0C318-FFED-4D39-8781-265718CA43DD}"
EndProject
Global
	GlobalSection(SolutionConfigurationPlatforms) = preSolution
		Debug|Any CPU = Debug|Any CPU
		Debug|ARM = Debug|ARM
		Debug|iPhone = Debug|iPhone
		Debug|iPhoneSimulator = Debug|iPhoneSimulator
		Debug|x64 = Debug|x64
		Debug|x86 = Debug|x86
		Release|Any CPU = Release|Any CPU
		Release|ARM = Release|ARM
		Release|iPhone = Release|iPhone
		Release|iPhoneSimulator = Release|iPhoneSimulator
		Release|x64 = Release|x64
		Release|x86 = Release|x86
	EndGlobalSection
	GlobalSection(ProjectConfigurationPlatforms) = postSolution
		{E41EBE31-8CC7-40AC-9D8A-2A530F06F69D}.Debug|Any CPU.ActiveCfg = Debug|Any CPU
		{E41EBE31-8CC7-40AC-9D8A-2A530F06F69D}.Debug|Any CPU.Build.0 = Debug|Any CPU
		{E41EBE31-8CC7-40AC-9D8A-2A530F06F69D}.Debug|ARM.ActiveCfg = Debug|Any CPU
		{E41EBE31-8CC7-40AC-9D8A-2A530F06F69D}.Debug|ARM.Build.0 = Debug|Any CPU
		{E41EBE31-8CC7-40AC-9D8A-2A530F06F69D}.Debug|iPhone.ActiveCfg = Debug|Any CPU
		{E41EBE31-8CC7-40AC-9D8A-2A530F06F69D}.Debug|iPhone.Build.0 = Debug|Any CPU
		{E41EBE31-8CC7-40AC-9D8A-2A530F06F69D}.Debug|iPhoneSimulator.ActiveCfg = Debug|Any CPU
		{E41EBE31-8CC7-40AC-9D8A-2A530F06F69D}.Debug|iPhoneSimulator.Build.0 = Debug|Any CPU
		{E41EBE31-8CC7-40AC-9D8A-2A530F06F69D}.Debug|x64.ActiveCfg = Debug|Any CPU
		{E41EBE31-8CC7-40AC-9D8A-2A530F06F69D}.Debug|x64.Build.0 = Debug|Any CPU
		{E41EBE31-8CC7-40AC-9D8A-2A530F06F69D}.Debug|x86.ActiveCfg = Debug|Any CPU
		{E41EBE31-8CC7-40AC-9D8A-2A530F06F69D}.Debug|x86.Build.0 = Debug|Any CPU
		{E41EBE31-8CC7-40AC-9D8A-2A530F06F69D}.Release|Any CPU.ActiveCfg = Release|Any CPU
		{E41EBE31-8CC7-40AC-9D8A-2A530F06F69D}.Release|Any CPU.Build.0 = Release|Any CPU
		{E41EBE31-8CC7-40AC-9D8A-2A530F06F69D}.Release|ARM.ActiveCfg = Release|Any CPU
		{E41EBE31-8CC7-40AC-9D8A-2A530F06F69D}.Release|ARM.Build.0 = Release|Any CPU
		{E41EBE31-8CC7-40AC-9D8A-2A530F06F69D}.Release|iPhone.ActiveCfg = Release|Any CPU
		{E41EBE31-8CC7-40AC-9D8A-2A530F06F69D}.Release|iPhone.Build.0 = Release|Any CPU
		{E41EBE31-8CC7-40AC-9D8A-2A530F06F69D}.Release|iPhoneSimulator.ActiveCfg = Release|Any CPU
		{E41EBE31-8CC7-40AC-9D8A-2A530F06F69D}.Release|iPhoneSimulator.Build.0 = Release|Any CPU
		{E41EBE31-8CC7-40AC-9D8A-2A530F06F69D}.Release|x64.ActiveCfg = Release|Any CPU
		{E41EBE31-8CC7-40AC-9D8A-2A530F06F69D}.Release|x64.Build.0 = Release|Any CPU
		{E41EBE31-8CC7-40AC-9D8A-2A530F06F69D}.Release|x86.ActiveCfg = Release|Any CPU
		{E41EBE31-8CC7-40AC-9D8A-2A530F06F69D}.Release|x86.Build.0 = Release|Any CPU
		{900F9B11-8434-4ECB-B930-CE8AB1A59D6A}.Debug|Any CPU.ActiveCfg = Debug|Any CPU
		{900F9B11-8434-4ECB-B930-CE8AB1A59D6A}.Debug|Any CPU.Build.0 = Debug|Any CPU
		{900F9B11-8434-4ECB-B930-CE8AB1A59D6A}.Debug|ARM.ActiveCfg = Debug|Any CPU
		{900F9B11-8434-4ECB-B930-CE8AB1A59D6A}.Debug|ARM.Build.0 = Debug|Any CPU
		{900F9B11-8434-4ECB-B930-CE8AB1A59D6A}.Debug|iPhone.ActiveCfg = Debug|Any CPU
		{900F9B11-8434-4ECB-B930-CE8AB1A59D6A}.Debug|iPhone.Build.0 = Debug|Any CPU
		{900F9B11-8434-4ECB-B930-CE8AB1A59D6A}.Debug|iPhoneSimulator.ActiveCfg = Debug|Any CPU
		{900F9B11-8434-4ECB-B930-CE8AB1A59D6A}.Debug|iPhoneSimulator.Build.0 = Debug|Any CPU
		{900F9B11-8434-4ECB-B930-CE8AB1A59D6A}.Debug|x64.ActiveCfg = Debug|Any CPU
		{900F9B11-8434-4ECB-B930-CE8AB1A59D6A}.Debug|x64.Build.0 = Debug|Any CPU
		{900F9B11-8434-4ECB-B930-CE8AB1A59D6A}.Debug|x86.ActiveCfg = Debug|Any CPU
		{900F9B11-8434-4ECB-B930-CE8AB1A59D6A}.Debug|x86.Build.0 = Debug|Any CPU
		{900F9B11-8434-4ECB-B930-CE8AB1A59D6A}.Release|Any CPU.ActiveCfg = Release|Any CPU
		{900F9B11-8434-4ECB-B930-CE8AB1A59D6A}.Release|Any CPU.Build.0 = Release|Any CPU
		{900F9B11-8434-4ECB-B930-CE8AB1A59D6A}.Release|ARM.ActiveCfg = Release|Any CPU
		{900F9B11-8434-4ECB-B930-CE8AB1A59D6A}.Release|ARM.Build.0 = Release|Any CPU
		{900F9B11-8434-4ECB-B930-CE8AB1A59D6A}.Release|iPhone.ActiveCfg = Release|Any CPU
		{900F9B11-8434-4ECB-B930-CE8AB1A59D6A}.Release|iPhone.Build.0 = Release|Any CPU
		{900F9B11-8434-4ECB-B930-CE8AB1A59D6A}.Release|iPhoneSimulator.ActiveCfg = Release|Any CPU
		{900F9B11-8434-4ECB-B930-CE8AB1A59D6A}.Release|iPhoneSimulator.Build.0 = Release|Any CPU
		{900F9B11-8434-4ECB-B930-CE8AB1A59D6A}.Release|x64.ActiveCfg = Release|Any CPU
		{900F9B11-8434-4ECB-B930-CE8AB1A59D6A}.Release|x64.Build.0 = Release|Any CPU
		{900F9B11-8434-4ECB-B930-CE8AB1A59D6A}.Release|x86.ActiveCfg = Release|Any CPU
		{900F9B11-8434-4ECB-B930-CE8AB1A59D6A}.Release|x86.Build.0 = Release|Any CPU
		{E060CF84-662F-46B2-883C-A8A3B91819EA}.Debug|Any CPU.ActiveCfg = Debug|Any CPU
		{E060CF84-662F-46B2-883C-A8A3B91819EA}.Debug|Any CPU.Build.0 = Debug|Any CPU
		{E060CF84-662F-46B2-883C-A8A3B91819EA}.Debug|ARM.ActiveCfg = Debug|Any CPU
		{E060CF84-662F-46B2-883C-A8A3B91819EA}.Debug|ARM.Build.0 = Debug|Any CPU
		{E060CF84-662F-46B2-883C-A8A3B91819EA}.Debug|iPhone.ActiveCfg = Debug|Any CPU
		{E060CF84-662F-46B2-883C-A8A3B91819EA}.Debug|iPhone.Build.0 = Debug|Any CPU
		{E060CF84-662F-46B2-883C-A8A3B91819EA}.Debug|iPhoneSimulator.ActiveCfg = Debug|Any CPU
		{E060CF84-662F-46B2-883C-A8A3B91819EA}.Debug|iPhoneSimulator.Build.0 = Debug|Any CPU
		{E060CF84-662F-46B2-883C-A8A3B91819EA}.Debug|x64.ActiveCfg = Debug|Any CPU
		{E060CF84-662F-46B2-883C-A8A3B91819EA}.Debug|x64.Build.0 = Debug|Any CPU
		{E060CF84-662F-46B2-883C-A8A3B91819EA}.Debug|x86.ActiveCfg = Debug|Any CPU
		{E060CF84-662F-46B2-883C-A8A3B91819EA}.Debug|x86.Build.0 = Debug|Any CPU
		{E060CF84-662F-46B2-883C-A8A3B91819EA}.Release|Any CPU.ActiveCfg = Release|Any CPU
		{E060CF84-662F-46B2-883C-A8A3B91819EA}.Release|Any CPU.Build.0 = Release|Any CPU
		{E060CF84-662F-46B2-883C-A8A3B91819EA}.Release|ARM.ActiveCfg = Release|Any CPU
		{E060CF84-662F-46B2-883C-A8A3B91819EA}.Release|ARM.Build.0 = Release|Any CPU
		{E060CF84-662F-46B2-883C-A8A3B91819EA}.Release|iPhone.ActiveCfg = Release|Any CPU
		{E060CF84-662F-46B2-883C-A8A3B91819EA}.Release|iPhone.Build.0 = Release|Any CPU
		{E060CF84-662F-46B2-883C-A8A3B91819EA}.Release|iPhoneSimulator.ActiveCfg = Release|Any CPU
		{E060CF84-662F-46B2-883C-A8A3B91819EA}.Release|iPhoneSimulator.Build.0 = Release|Any CPU
		{E060CF84-662F-46B2-883C-A8A3B91819EA}.Release|x64.ActiveCfg = Release|Any CPU
		{E060CF84-662F-46B2-883C-A8A3B91819EA}.Release|x64.Build.0 = Release|Any CPU
		{E060CF84-662F-46B2-883C-A8A3B91819EA}.Release|x86.ActiveCfg = Release|Any CPU
		{E060CF84-662F-46B2-883C-A8A3B91819EA}.Release|x86.Build.0 = Release|Any CPU
		{9FAD338C-FD74-457D-B067-A3489DBE3602}.Debug|Any CPU.ActiveCfg = Debug|Any CPU
		{9FAD338C-FD74-457D-B067-A3489DBE3602}.Debug|Any CPU.Build.0 = Debug|Any CPU
		{9FAD338C-FD74-457D-B067-A3489DBE3602}.Debug|ARM.ActiveCfg = Debug|Any CPU
		{9FAD338C-FD74-457D-B067-A3489DBE3602}.Debug|ARM.Build.0 = Debug|Any CPU
		{9FAD338C-FD74-457D-B067-A3489DBE3602}.Debug|iPhone.ActiveCfg = Debug|Any CPU
		{9FAD338C-FD74-457D-B067-A3489DBE3602}.Debug|iPhone.Build.0 = Debug|Any CPU
		{9FAD338C-FD74-457D-B067-A3489DBE3602}.Debug|iPhoneSimulator.ActiveCfg = Debug|Any CPU
		{9FAD338C-FD74-457D-B067-A3489DBE3602}.Debug|iPhoneSimulator.Build.0 = Debug|Any CPU
		{9FAD338C-FD74-457D-B067-A3489DBE3602}.Debug|x64.ActiveCfg = Debug|Any CPU
		{9FAD338C-FD74-457D-B067-A3489DBE3602}.Debug|x64.Build.0 = Debug|Any CPU
		{9FAD338C-FD74-457D-B067-A3489DBE3602}.Debug|x86.ActiveCfg = Debug|Any CPU
		{9FAD338C-FD74-457D-B067-A3489DBE3602}.Debug|x86.Build.0 = Debug|Any CPU
		{9FAD338C-FD74-457D-B067-A3489DBE3602}.Release|Any CPU.ActiveCfg = Release|Any CPU
		{9FAD338C-FD74-457D-B067-A3489DBE3602}.Release|Any CPU.Build.0 = Release|Any CPU
		{9FAD338C-FD74-457D-B067-A3489DBE3602}.Release|ARM.ActiveCfg = Release|Any CPU
		{9FAD338C-FD74-457D-B067-A3489DBE3602}.Release|ARM.Build.0 = Release|Any CPU
		{9FAD338C-FD74-457D-B067-A3489DBE3602}.Release|iPhone.ActiveCfg = Release|Any CPU
		{9FAD338C-FD74-457D-B067-A3489DBE3602}.Release|iPhone.Build.0 = Release|Any CPU
		{9FAD338C-FD74-457D-B067-A3489DBE3602}.Release|iPhoneSimulator.ActiveCfg = Release|Any CPU
		{9FAD338C-FD74-457D-B067-A3489DBE3602}.Release|iPhoneSimulator.Build.0 = Release|Any CPU
		{9FAD338C-FD74-457D-B067-A3489DBE3602}.Release|x64.ActiveCfg = Release|Any CPU
		{9FAD338C-FD74-457D-B067-A3489DBE3602}.Release|x64.Build.0 = Release|Any CPU
		{9FAD338C-FD74-457D-B067-A3489DBE3602}.Release|x86.ActiveCfg = Release|Any CPU
		{9FAD338C-FD74-457D-B067-A3489DBE3602}.Release|x86.Build.0 = Release|Any CPU
		{F1E5237D-8B2E-4088-99CD-C60C7B915C9B}.Debug|Any CPU.ActiveCfg = Debug|Any CPU
		{F1E5237D-8B2E-4088-99CD-C60C7B915C9B}.Debug|Any CPU.Build.0 = Debug|Any CPU
		{F1E5237D-8B2E-4088-99CD-C60C7B915C9B}.Debug|ARM.ActiveCfg = Debug|Any CPU
		{F1E5237D-8B2E-4088-99CD-C60C7B915C9B}.Debug|ARM.Build.0 = Debug|Any CPU
		{F1E5237D-8B2E-4088-99CD-C60C7B915C9B}.Debug|iPhone.ActiveCfg = Debug|Any CPU
		{F1E5237D-8B2E-4088-99CD-C60C7B915C9B}.Debug|iPhone.Build.0 = Debug|Any CPU
		{F1E5237D-8B2E-4088-99CD-C60C7B915C9B}.Debug|iPhoneSimulator.ActiveCfg = Debug|Any CPU
		{F1E5237D-8B2E-4088-99CD-C60C7B915C9B}.Debug|iPhoneSimulator.Build.0 = Debug|Any CPU
		{F1E5237D-8B2E-4088-99CD-C60C7B915C9B}.Debug|x64.ActiveCfg = Debug|Any CPU
		{F1E5237D-8B2E-4088-99CD-C60C7B915C9B}.Debug|x64.Build.0 = Debug|Any CPU
		{F1E5237D-8B2E-4088-99CD-C60C7B915C9B}.Debug|x86.ActiveCfg = Debug|Any CPU
		{F1E5237D-8B2E-4088-99CD-C60C7B915C9B}.Debug|x86.Build.0 = Debug|Any CPU
		{F1E5237D-8B2E-4088-99CD-C60C7B915C9B}.Release|Any CPU.ActiveCfg = Release|Any CPU
		{F1E5237D-8B2E-4088-99CD-C60C7B915C9B}.Release|Any CPU.Build.0 = Release|Any CPU
		{F1E5237D-8B2E-4088-99CD-C60C7B915C9B}.Release|ARM.ActiveCfg = Release|Any CPU
		{F1E5237D-8B2E-4088-99CD-C60C7B915C9B}.Release|ARM.Build.0 = Release|Any CPU
		{F1E5237D-8B2E-4088-99CD-C60C7B915C9B}.Release|iPhone.ActiveCfg = Release|Any CPU
		{F1E5237D-8B2E-4088-99CD-C60C7B915C9B}.Release|iPhone.Build.0 = Release|Any CPU
		{F1E5237D-8B2E-4088-99CD-C60C7B915C9B}.Release|iPhoneSimulator.ActiveCfg = Release|Any CPU
		{F1E5237D-8B2E-4088-99CD-C60C7B915C9B}.Release|iPhoneSimulator.Build.0 = Release|Any CPU
		{F1E5237D-8B2E-4088-99CD-C60C7B915C9B}.Release|x64.ActiveCfg = Release|Any CPU
		{F1E5237D-8B2E-4088-99CD-C60C7B915C9B}.Release|x64.Build.0 = Release|Any CPU
		{F1E5237D-8B2E-4088-99CD-C60C7B915C9B}.Release|x86.ActiveCfg = Release|Any CPU
		{F1E5237D-8B2E-4088-99CD-C60C7B915C9B}.Release|x86.Build.0 = Release|Any CPU
		{C047CAA3-430B-4B08-B283-08938D53C15F}.Debug|Any CPU.ActiveCfg = Debug|Any CPU
		{C047CAA3-430B-4B08-B283-08938D53C15F}.Debug|Any CPU.Build.0 = Debug|Any CPU
		{C047CAA3-430B-4B08-B283-08938D53C15F}.Debug|ARM.ActiveCfg = Debug|Any CPU
		{C047CAA3-430B-4B08-B283-08938D53C15F}.Debug|ARM.Build.0 = Debug|Any CPU
		{C047CAA3-430B-4B08-B283-08938D53C15F}.Debug|iPhone.ActiveCfg = Debug|Any CPU
		{C047CAA3-430B-4B08-B283-08938D53C15F}.Debug|iPhone.Build.0 = Debug|Any CPU
		{C047CAA3-430B-4B08-B283-08938D53C15F}.Debug|iPhoneSimulator.ActiveCfg = Debug|Any CPU
		{C047CAA3-430B-4B08-B283-08938D53C15F}.Debug|iPhoneSimulator.Build.0 = Debug|Any CPU
		{C047CAA3-430B-4B08-B283-08938D53C15F}.Debug|x64.ActiveCfg = Debug|Any CPU
		{C047CAA3-430B-4B08-B283-08938D53C15F}.Debug|x64.Build.0 = Debug|Any CPU
		{C047CAA3-430B-4B08-B283-08938D53C15F}.Debug|x86.ActiveCfg = Debug|Any CPU
		{C047CAA3-430B-4B08-B283-08938D53C15F}.Debug|x86.Build.0 = Debug|Any CPU
		{C047CAA3-430B-4B08-B283-08938D53C15F}.Release|Any CPU.ActiveCfg = Release|Any CPU
		{C047CAA3-430B-4B08-B283-08938D53C15F}.Release|Any CPU.Build.0 = Release|Any CPU
		{C047CAA3-430B-4B08-B283-08938D53C15F}.Release|ARM.ActiveCfg = Release|Any CPU
		{C047CAA3-430B-4B08-B283-08938D53C15F}.Release|ARM.Build.0 = Release|Any CPU
		{C047CAA3-430B-4B08-B283-08938D53C15F}.Release|iPhone.ActiveCfg = Release|Any CPU
		{C047CAA3-430B-4B08-B283-08938D53C15F}.Release|iPhone.Build.0 = Release|Any CPU
		{C047CAA3-430B-4B08-B283-08938D53C15F}.Release|iPhoneSimulator.ActiveCfg = Release|Any CPU
		{C047CAA3-430B-4B08-B283-08938D53C15F}.Release|iPhoneSimulator.Build.0 = Release|Any CPU
		{C047CAA3-430B-4B08-B283-08938D53C15F}.Release|x64.ActiveCfg = Release|Any CPU
		{C047CAA3-430B-4B08-B283-08938D53C15F}.Release|x64.Build.0 = Release|Any CPU
		{C047CAA3-430B-4B08-B283-08938D53C15F}.Release|x86.ActiveCfg = Release|Any CPU
		{C047CAA3-430B-4B08-B283-08938D53C15F}.Release|x86.Build.0 = Release|Any CPU
		{62DBB163-9CA9-4818-B48B-13233DF37C24}.Debug|Any CPU.ActiveCfg = Debug|Any CPU
		{62DBB163-9CA9-4818-B48B-13233DF37C24}.Debug|Any CPU.Build.0 = Debug|Any CPU
		{62DBB163-9CA9-4818-B48B-13233DF37C24}.Debug|ARM.ActiveCfg = Debug|Any CPU
		{62DBB163-9CA9-4818-B48B-13233DF37C24}.Debug|ARM.Build.0 = Debug|Any CPU
		{62DBB163-9CA9-4818-B48B-13233DF37C24}.Debug|iPhone.ActiveCfg = Debug|Any CPU
		{62DBB163-9CA9-4818-B48B-13233DF37C24}.Debug|iPhone.Build.0 = Debug|Any CPU
		{62DBB163-9CA9-4818-B48B-13233DF37C24}.Debug|iPhoneSimulator.ActiveCfg = Debug|Any CPU
		{62DBB163-9CA9-4818-B48B-13233DF37C24}.Debug|iPhoneSimulator.Build.0 = Debug|Any CPU
		{62DBB163-9CA9-4818-B48B-13233DF37C24}.Debug|x64.ActiveCfg = Debug|Any CPU
		{62DBB163-9CA9-4818-B48B-13233DF37C24}.Debug|x64.Build.0 = Debug|Any CPU
		{62DBB163-9CA9-4818-B48B-13233DF37C24}.Debug|x86.ActiveCfg = Debug|Any CPU
		{62DBB163-9CA9-4818-B48B-13233DF37C24}.Debug|x86.Build.0 = Debug|Any CPU
		{62DBB163-9CA9-4818-B48B-13233DF37C24}.Release|Any CPU.ActiveCfg = Release|Any CPU
		{62DBB163-9CA9-4818-B48B-13233DF37C24}.Release|Any CPU.Build.0 = Release|Any CPU
		{62DBB163-9CA9-4818-B48B-13233DF37C24}.Release|ARM.ActiveCfg = Release|Any CPU
		{62DBB163-9CA9-4818-B48B-13233DF37C24}.Release|ARM.Build.0 = Release|Any CPU
		{62DBB163-9CA9-4818-B48B-13233DF37C24}.Release|iPhone.ActiveCfg = Release|Any CPU
		{62DBB163-9CA9-4818-B48B-13233DF37C24}.Release|iPhone.Build.0 = Release|Any CPU
		{62DBB163-9CA9-4818-B48B-13233DF37C24}.Release|iPhoneSimulator.ActiveCfg = Release|Any CPU
		{62DBB163-9CA9-4818-B48B-13233DF37C24}.Release|iPhoneSimulator.Build.0 = Release|Any CPU
		{62DBB163-9CA9-4818-B48B-13233DF37C24}.Release|x64.ActiveCfg = Release|Any CPU
		{62DBB163-9CA9-4818-B48B-13233DF37C24}.Release|x64.Build.0 = Release|Any CPU
		{62DBB163-9CA9-4818-B48B-13233DF37C24}.Release|x86.ActiveCfg = Release|Any CPU
		{62DBB163-9CA9-4818-B48B-13233DF37C24}.Release|x86.Build.0 = Release|Any CPU
		{6EEB23DC-7063-4444-9AF8-90DF24F549C0}.Debug|Any CPU.ActiveCfg = Debug|iPhoneSimulator
		{6EEB23DC-7063-4444-9AF8-90DF24F549C0}.Debug|Any CPU.Build.0 = Debug|iPhoneSimulator
		{6EEB23DC-7063-4444-9AF8-90DF24F549C0}.Debug|ARM.ActiveCfg = Debug|iPhoneSimulator
		{6EEB23DC-7063-4444-9AF8-90DF24F549C0}.Debug|ARM.Build.0 = Debug|iPhoneSimulator
		{6EEB23DC-7063-4444-9AF8-90DF24F549C0}.Debug|iPhone.ActiveCfg = Debug|iPhone
		{6EEB23DC-7063-4444-9AF8-90DF24F549C0}.Debug|iPhone.Build.0 = Debug|iPhone
		{6EEB23DC-7063-4444-9AF8-90DF24F549C0}.Debug|iPhoneSimulator.ActiveCfg = Debug|iPhoneSimulator
		{6EEB23DC-7063-4444-9AF8-90DF24F549C0}.Debug|iPhoneSimulator.Build.0 = Debug|iPhoneSimulator
		{6EEB23DC-7063-4444-9AF8-90DF24F549C0}.Debug|x64.ActiveCfg = Debug|iPhoneSimulator
		{6EEB23DC-7063-4444-9AF8-90DF24F549C0}.Debug|x64.Build.0 = Debug|iPhoneSimulator
		{6EEB23DC-7063-4444-9AF8-90DF24F549C0}.Debug|x86.ActiveCfg = Debug|iPhoneSimulator
		{6EEB23DC-7063-4444-9AF8-90DF24F549C0}.Debug|x86.Build.0 = Debug|iPhoneSimulator
		{6EEB23DC-7063-4444-9AF8-90DF24F549C0}.Release|Any CPU.ActiveCfg = Release|iPhoneSimulator
		{6EEB23DC-7063-4444-9AF8-90DF24F549C0}.Release|Any CPU.Build.0 = Release|iPhoneSimulator
		{6EEB23DC-7063-4444-9AF8-90DF24F549C0}.Release|ARM.ActiveCfg = Release|iPhoneSimulator
		{6EEB23DC-7063-4444-9AF8-90DF24F549C0}.Release|ARM.Build.0 = Release|iPhoneSimulator
		{6EEB23DC-7063-4444-9AF8-90DF24F549C0}.Release|iPhone.ActiveCfg = Release|iPhone
		{6EEB23DC-7063-4444-9AF8-90DF24F549C0}.Release|iPhone.Build.0 = Release|iPhone
		{6EEB23DC-7063-4444-9AF8-90DF24F549C0}.Release|iPhoneSimulator.ActiveCfg = Release|iPhoneSimulator
		{6EEB23DC-7063-4444-9AF8-90DF24F549C0}.Release|iPhoneSimulator.Build.0 = Release|iPhoneSimulator
		{6EEB23DC-7063-4444-9AF8-90DF24F549C0}.Release|x64.ActiveCfg = Release|iPhoneSimulator
		{6EEB23DC-7063-4444-9AF8-90DF24F549C0}.Release|x64.Build.0 = Release|iPhoneSimulator
		{6EEB23DC-7063-4444-9AF8-90DF24F549C0}.Release|x86.ActiveCfg = Release|iPhoneSimulator
		{6EEB23DC-7063-4444-9AF8-90DF24F549C0}.Release|x86.Build.0 = Release|iPhoneSimulator
		{C3C1E2CF-B1F7-4654-BBDC-50143DB22E0B}.Debug|Any CPU.ActiveCfg = Debug|ARM
		{C3C1E2CF-B1F7-4654-BBDC-50143DB22E0B}.Debug|Any CPU.Build.0 = Debug|ARM
		{C3C1E2CF-B1F7-4654-BBDC-50143DB22E0B}.Debug|ARM.ActiveCfg = Debug|ARM
		{C3C1E2CF-B1F7-4654-BBDC-50143DB22E0B}.Debug|ARM.Build.0 = Debug|ARM
		{C3C1E2CF-B1F7-4654-BBDC-50143DB22E0B}.Debug|iPhone.ActiveCfg = Debug|ARM
		{C3C1E2CF-B1F7-4654-BBDC-50143DB22E0B}.Debug|iPhone.Build.0 = Debug|ARM
		{C3C1E2CF-B1F7-4654-BBDC-50143DB22E0B}.Debug|iPhoneSimulator.ActiveCfg = Debug|ARM
		{C3C1E2CF-B1F7-4654-BBDC-50143DB22E0B}.Debug|iPhoneSimulator.Build.0 = Debug|ARM
		{C3C1E2CF-B1F7-4654-BBDC-50143DB22E0B}.Debug|x64.ActiveCfg = Debug|x64
		{C3C1E2CF-B1F7-4654-BBDC-50143DB22E0B}.Debug|x64.Build.0 = Debug|x64
		{C3C1E2CF-B1F7-4654-BBDC-50143DB22E0B}.Debug|x86.ActiveCfg = Debug|x86
		{C3C1E2CF-B1F7-4654-BBDC-50143DB22E0B}.Debug|x86.Build.0 = Debug|x86
		{C3C1E2CF-B1F7-4654-BBDC-50143DB22E0B}.Debug|x86.Deploy.0 = Debug|x86
		{C3C1E2CF-B1F7-4654-BBDC-50143DB22E0B}.Release|Any CPU.ActiveCfg = Release|ARM
		{C3C1E2CF-B1F7-4654-BBDC-50143DB22E0B}.Release|Any CPU.Build.0 = Release|ARM
		{C3C1E2CF-B1F7-4654-BBDC-50143DB22E0B}.Release|ARM.ActiveCfg = Release|ARM
		{C3C1E2CF-B1F7-4654-BBDC-50143DB22E0B}.Release|ARM.Build.0 = Release|ARM
		{C3C1E2CF-B1F7-4654-BBDC-50143DB22E0B}.Release|iPhone.ActiveCfg = Release|ARM
		{C3C1E2CF-B1F7-4654-BBDC-50143DB22E0B}.Release|iPhone.Build.0 = Release|ARM
		{C3C1E2CF-B1F7-4654-BBDC-50143DB22E0B}.Release|iPhoneSimulator.ActiveCfg = Release|ARM
		{C3C1E2CF-B1F7-4654-BBDC-50143DB22E0B}.Release|iPhoneSimulator.Build.0 = Release|ARM
		{C3C1E2CF-B1F7-4654-BBDC-50143DB22E0B}.Release|x64.ActiveCfg = Release|x64
		{C3C1E2CF-B1F7-4654-BBDC-50143DB22E0B}.Release|x64.Build.0 = Release|x64
		{C3C1E2CF-B1F7-4654-BBDC-50143DB22E0B}.Release|x86.ActiveCfg = Release|x86
		{C3C1E2CF-B1F7-4654-BBDC-50143DB22E0B}.Release|x86.Build.0 = Release|x86
		{C3C1E2CF-B1F7-4654-BBDC-50143DB22E0B}.Release|x86.Deploy.0 = Release|x86
		{A289A7F0-ACD8-42AE-87B6-AB1AFD310BF1}.Debug|Any CPU.ActiveCfg = Debug|Any CPU
		{A289A7F0-ACD8-42AE-87B6-AB1AFD310BF1}.Debug|Any CPU.Build.0 = Debug|Any CPU
		{A289A7F0-ACD8-42AE-87B6-AB1AFD310BF1}.Debug|ARM.ActiveCfg = Debug|Any CPU
		{A289A7F0-ACD8-42AE-87B6-AB1AFD310BF1}.Debug|ARM.Build.0 = Debug|Any CPU
		{A289A7F0-ACD8-42AE-87B6-AB1AFD310BF1}.Debug|iPhone.ActiveCfg = Debug|Any CPU
		{A289A7F0-ACD8-42AE-87B6-AB1AFD310BF1}.Debug|iPhone.Build.0 = Debug|Any CPU
		{A289A7F0-ACD8-42AE-87B6-AB1AFD310BF1}.Debug|iPhoneSimulator.ActiveCfg = Debug|Any CPU
		{A289A7F0-ACD8-42AE-87B6-AB1AFD310BF1}.Debug|iPhoneSimulator.Build.0 = Debug|Any CPU
		{A289A7F0-ACD8-42AE-87B6-AB1AFD310BF1}.Debug|x64.ActiveCfg = Debug|Any CPU
		{A289A7F0-ACD8-42AE-87B6-AB1AFD310BF1}.Debug|x64.Build.0 = Debug|Any CPU
		{A289A7F0-ACD8-42AE-87B6-AB1AFD310BF1}.Debug|x86.ActiveCfg = Debug|Any CPU
		{A289A7F0-ACD8-42AE-87B6-AB1AFD310BF1}.Debug|x86.Build.0 = Debug|Any CPU
		{A289A7F0-ACD8-42AE-87B6-AB1AFD310BF1}.Release|Any CPU.ActiveCfg = Release|Any CPU
		{A289A7F0-ACD8-42AE-87B6-AB1AFD310BF1}.Release|Any CPU.Build.0 = Release|Any CPU
		{A289A7F0-ACD8-42AE-87B6-AB1AFD310BF1}.Release|ARM.ActiveCfg = Release|Any CPU
		{A289A7F0-ACD8-42AE-87B6-AB1AFD310BF1}.Release|ARM.Build.0 = Release|Any CPU
		{A289A7F0-ACD8-42AE-87B6-AB1AFD310BF1}.Release|iPhone.ActiveCfg = Release|Any CPU
		{A289A7F0-ACD8-42AE-87B6-AB1AFD310BF1}.Release|iPhone.Build.0 = Release|Any CPU
		{A289A7F0-ACD8-42AE-87B6-AB1AFD310BF1}.Release|iPhoneSimulator.ActiveCfg = Release|Any CPU
		{A289A7F0-ACD8-42AE-87B6-AB1AFD310BF1}.Release|iPhoneSimulator.Build.0 = Release|Any CPU
		{A289A7F0-ACD8-42AE-87B6-AB1AFD310BF1}.Release|x64.ActiveCfg = Release|Any CPU
		{A289A7F0-ACD8-42AE-87B6-AB1AFD310BF1}.Release|x64.Build.0 = Release|Any CPU
		{A289A7F0-ACD8-42AE-87B6-AB1AFD310BF1}.Release|x86.ActiveCfg = Release|Any CPU
		{A289A7F0-ACD8-42AE-87B6-AB1AFD310BF1}.Release|x86.Build.0 = Release|Any CPU
		{B68C2B56-7581-46AE-B55D-D25DDFD3BFE3}.Debug|Any CPU.ActiveCfg = Debug|iPhoneSimulator
		{B68C2B56-7581-46AE-B55D-D25DDFD3BFE3}.Debug|Any CPU.Build.0 = Debug|iPhoneSimulator
		{B68C2B56-7581-46AE-B55D-D25DDFD3BFE3}.Debug|ARM.ActiveCfg = Debug|iPhoneSimulator
		{B68C2B56-7581-46AE-B55D-D25DDFD3BFE3}.Debug|ARM.Build.0 = Debug|iPhoneSimulator
		{B68C2B56-7581-46AE-B55D-D25DDFD3BFE3}.Debug|iPhone.ActiveCfg = Debug|iPhone
		{B68C2B56-7581-46AE-B55D-D25DDFD3BFE3}.Debug|iPhone.Build.0 = Debug|iPhone
		{B68C2B56-7581-46AE-B55D-D25DDFD3BFE3}.Debug|iPhoneSimulator.ActiveCfg = Debug|iPhoneSimulator
		{B68C2B56-7581-46AE-B55D-D25DDFD3BFE3}.Debug|iPhoneSimulator.Build.0 = Debug|iPhoneSimulator
		{B68C2B56-7581-46AE-B55D-D25DDFD3BFE3}.Debug|x64.ActiveCfg = Debug|iPhoneSimulator
		{B68C2B56-7581-46AE-B55D-D25DDFD3BFE3}.Debug|x64.Build.0 = Debug|iPhoneSimulator
		{B68C2B56-7581-46AE-B55D-D25DDFD3BFE3}.Debug|x86.ActiveCfg = Debug|iPhoneSimulator
		{B68C2B56-7581-46AE-B55D-D25DDFD3BFE3}.Debug|x86.Build.0 = Debug|iPhoneSimulator
		{B68C2B56-7581-46AE-B55D-D25DDFD3BFE3}.Release|Any CPU.ActiveCfg = Release|iPhoneSimulator
		{B68C2B56-7581-46AE-B55D-D25DDFD3BFE3}.Release|Any CPU.Build.0 = Release|iPhoneSimulator
		{B68C2B56-7581-46AE-B55D-D25DDFD3BFE3}.Release|ARM.ActiveCfg = Release|iPhoneSimulator
		{B68C2B56-7581-46AE-B55D-D25DDFD3BFE3}.Release|ARM.Build.0 = Release|iPhoneSimulator
		{B68C2B56-7581-46AE-B55D-D25DDFD3BFE3}.Release|iPhone.ActiveCfg = Release|iPhone
		{B68C2B56-7581-46AE-B55D-D25DDFD3BFE3}.Release|iPhone.Build.0 = Release|iPhone
		{B68C2B56-7581-46AE-B55D-D25DDFD3BFE3}.Release|iPhoneSimulator.ActiveCfg = Release|iPhoneSimulator
		{B68C2B56-7581-46AE-B55D-D25DDFD3BFE3}.Release|iPhoneSimulator.Build.0 = Release|iPhoneSimulator
		{B68C2B56-7581-46AE-B55D-D25DDFD3BFE3}.Release|x64.ActiveCfg = Release|iPhoneSimulator
		{B68C2B56-7581-46AE-B55D-D25DDFD3BFE3}.Release|x64.Build.0 = Release|iPhoneSimulator
		{B68C2B56-7581-46AE-B55D-D25DDFD3BFE3}.Release|x86.ActiveCfg = Release|iPhoneSimulator
		{B68C2B56-7581-46AE-B55D-D25DDFD3BFE3}.Release|x86.Build.0 = Release|iPhoneSimulator
		{A7337243-33B8-463A-87AD-944B75EFD820}.Debug|Any CPU.ActiveCfg = Debug|x86
		{A7337243-33B8-463A-87AD-944B75EFD820}.Debug|Any CPU.Build.0 = Debug|x86
		{A7337243-33B8-463A-87AD-944B75EFD820}.Debug|ARM.ActiveCfg = Debug|ARM
		{A7337243-33B8-463A-87AD-944B75EFD820}.Debug|ARM.Build.0 = Debug|ARM
		{A7337243-33B8-463A-87AD-944B75EFD820}.Debug|iPhone.ActiveCfg = Debug|x86
		{A7337243-33B8-463A-87AD-944B75EFD820}.Debug|iPhone.Build.0 = Debug|x86
		{A7337243-33B8-463A-87AD-944B75EFD820}.Debug|iPhoneSimulator.ActiveCfg = Debug|x86
		{A7337243-33B8-463A-87AD-944B75EFD820}.Debug|iPhoneSimulator.Build.0 = Debug|x86
		{A7337243-33B8-463A-87AD-944B75EFD820}.Debug|x64.ActiveCfg = Debug|x64
		{A7337243-33B8-463A-87AD-944B75EFD820}.Debug|x64.Build.0 = Debug|x64
		{A7337243-33B8-463A-87AD-944B75EFD820}.Debug|x86.ActiveCfg = Debug|x86
		{A7337243-33B8-463A-87AD-944B75EFD820}.Debug|x86.Build.0 = Debug|x86
		{A7337243-33B8-463A-87AD-944B75EFD820}.Release|Any CPU.ActiveCfg = Release|x86
		{A7337243-33B8-463A-87AD-944B75EFD820}.Release|Any CPU.Build.0 = Release|x86
		{A7337243-33B8-463A-87AD-944B75EFD820}.Release|ARM.ActiveCfg = Release|ARM
		{A7337243-33B8-463A-87AD-944B75EFD820}.Release|ARM.Build.0 = Release|ARM
		{A7337243-33B8-463A-87AD-944B75EFD820}.Release|iPhone.ActiveCfg = Release|x86
		{A7337243-33B8-463A-87AD-944B75EFD820}.Release|iPhone.Build.0 = Release|x86
		{A7337243-33B8-463A-87AD-944B75EFD820}.Release|iPhoneSimulator.ActiveCfg = Release|x86
		{A7337243-33B8-463A-87AD-944B75EFD820}.Release|iPhoneSimulator.Build.0 = Release|x86
		{A7337243-33B8-463A-87AD-944B75EFD820}.Release|x64.ActiveCfg = Release|x64
		{A7337243-33B8-463A-87AD-944B75EFD820}.Release|x64.Build.0 = Release|x64
		{A7337243-33B8-463A-87AD-944B75EFD820}.Release|x86.ActiveCfg = Release|x86
		{A7337243-33B8-463A-87AD-944B75EFD820}.Release|x86.Build.0 = Release|x86
		{DB825DF5-3375-4809-B0D2-E79989A6C17D}.Debug|Any CPU.ActiveCfg = Debug|Any CPU
		{DB825DF5-3375-4809-B0D2-E79989A6C17D}.Debug|Any CPU.Build.0 = Debug|Any CPU
		{DB825DF5-3375-4809-B0D2-E79989A6C17D}.Debug|ARM.ActiveCfg = Debug|Any CPU
		{DB825DF5-3375-4809-B0D2-E79989A6C17D}.Debug|ARM.Build.0 = Debug|Any CPU
		{DB825DF5-3375-4809-B0D2-E79989A6C17D}.Debug|iPhone.ActiveCfg = Debug|Any CPU
		{DB825DF5-3375-4809-B0D2-E79989A6C17D}.Debug|iPhone.Build.0 = Debug|Any CPU
		{DB825DF5-3375-4809-B0D2-E79989A6C17D}.Debug|iPhoneSimulator.ActiveCfg = Debug|Any CPU
		{DB825DF5-3375-4809-B0D2-E79989A6C17D}.Debug|iPhoneSimulator.Build.0 = Debug|Any CPU
		{DB825DF5-3375-4809-B0D2-E79989A6C17D}.Debug|x64.ActiveCfg = Debug|Any CPU
		{DB825DF5-3375-4809-B0D2-E79989A6C17D}.Debug|x64.Build.0 = Debug|Any CPU
		{DB825DF5-3375-4809-B0D2-E79989A6C17D}.Debug|x86.ActiveCfg = Debug|Any CPU
		{DB825DF5-3375-4809-B0D2-E79989A6C17D}.Debug|x86.Build.0 = Debug|Any CPU
		{DB825DF5-3375-4809-B0D2-E79989A6C17D}.Release|Any CPU.ActiveCfg = Release|Any CPU
		{DB825DF5-3375-4809-B0D2-E79989A6C17D}.Release|Any CPU.Build.0 = Release|Any CPU
		{DB825DF5-3375-4809-B0D2-E79989A6C17D}.Release|ARM.ActiveCfg = Release|Any CPU
		{DB825DF5-3375-4809-B0D2-E79989A6C17D}.Release|ARM.Build.0 = Release|Any CPU
		{DB825DF5-3375-4809-B0D2-E79989A6C17D}.Release|iPhone.ActiveCfg = Release|Any CPU
		{DB825DF5-3375-4809-B0D2-E79989A6C17D}.Release|iPhone.Build.0 = Release|Any CPU
		{DB825DF5-3375-4809-B0D2-E79989A6C17D}.Release|iPhoneSimulator.ActiveCfg = Release|Any CPU
		{DB825DF5-3375-4809-B0D2-E79989A6C17D}.Release|iPhoneSimulator.Build.0 = Release|Any CPU
		{DB825DF5-3375-4809-B0D2-E79989A6C17D}.Release|x64.ActiveCfg = Release|Any CPU
		{DB825DF5-3375-4809-B0D2-E79989A6C17D}.Release|x64.Build.0 = Release|Any CPU
		{DB825DF5-3375-4809-B0D2-E79989A6C17D}.Release|x86.ActiveCfg = Release|Any CPU
		{DB825DF5-3375-4809-B0D2-E79989A6C17D}.Release|x86.Build.0 = Release|Any CPU
		{A207E524-3E00-4083-98BC-DCA92765C602}.Debug|Any CPU.ActiveCfg = Debug|Any CPU
		{A207E524-3E00-4083-98BC-DCA92765C602}.Debug|Any CPU.Build.0 = Debug|Any CPU
		{A207E524-3E00-4083-98BC-DCA92765C602}.Debug|ARM.ActiveCfg = Debug|Any CPU
		{A207E524-3E00-4083-98BC-DCA92765C602}.Debug|ARM.Build.0 = Debug|Any CPU
		{A207E524-3E00-4083-98BC-DCA92765C602}.Debug|iPhone.ActiveCfg = Debug|Any CPU
		{A207E524-3E00-4083-98BC-DCA92765C602}.Debug|iPhone.Build.0 = Debug|Any CPU
		{A207E524-3E00-4083-98BC-DCA92765C602}.Debug|iPhoneSimulator.ActiveCfg = Debug|Any CPU
		{A207E524-3E00-4083-98BC-DCA92765C602}.Debug|iPhoneSimulator.Build.0 = Debug|Any CPU
		{A207E524-3E00-4083-98BC-DCA92765C602}.Debug|x64.ActiveCfg = Debug|Any CPU
		{A207E524-3E00-4083-98BC-DCA92765C602}.Debug|x64.Build.0 = Debug|Any CPU
		{A207E524-3E00-4083-98BC-DCA92765C602}.Debug|x86.ActiveCfg = Debug|Any CPU
		{A207E524-3E00-4083-98BC-DCA92765C602}.Debug|x86.Build.0 = Debug|Any CPU
		{A207E524-3E00-4083-98BC-DCA92765C602}.Release|Any CPU.ActiveCfg = Release|Any CPU
		{A207E524-3E00-4083-98BC-DCA92765C602}.Release|Any CPU.Build.0 = Release|Any CPU
		{A207E524-3E00-4083-98BC-DCA92765C602}.Release|ARM.ActiveCfg = Release|Any CPU
		{A207E524-3E00-4083-98BC-DCA92765C602}.Release|ARM.Build.0 = Release|Any CPU
		{A207E524-3E00-4083-98BC-DCA92765C602}.Release|iPhone.ActiveCfg = Release|Any CPU
		{A207E524-3E00-4083-98BC-DCA92765C602}.Release|iPhone.Build.0 = Release|Any CPU
		{A207E524-3E00-4083-98BC-DCA92765C602}.Release|iPhoneSimulator.ActiveCfg = Release|Any CPU
		{A207E524-3E00-4083-98BC-DCA92765C602}.Release|iPhoneSimulator.Build.0 = Release|Any CPU
		{A207E524-3E00-4083-98BC-DCA92765C602}.Release|x64.ActiveCfg = Release|Any CPU
		{A207E524-3E00-4083-98BC-DCA92765C602}.Release|x64.Build.0 = Release|Any CPU
		{A207E524-3E00-4083-98BC-DCA92765C602}.Release|x86.ActiveCfg = Release|Any CPU
		{A207E524-3E00-4083-98BC-DCA92765C602}.Release|x86.Build.0 = Release|Any CPU
		{0E6CB2EA-DD84-43E7-8382-DB912ECD8874}.Debug|Any CPU.ActiveCfg = Debug|Any CPU
		{0E6CB2EA-DD84-43E7-8382-DB912ECD8874}.Debug|Any CPU.Build.0 = Debug|Any CPU
		{0E6CB2EA-DD84-43E7-8382-DB912ECD8874}.Debug|ARM.ActiveCfg = Debug|Any CPU
		{0E6CB2EA-DD84-43E7-8382-DB912ECD8874}.Debug|ARM.Build.0 = Debug|Any CPU
		{0E6CB2EA-DD84-43E7-8382-DB912ECD8874}.Debug|iPhone.ActiveCfg = Debug|Any CPU
		{0E6CB2EA-DD84-43E7-8382-DB912ECD8874}.Debug|iPhone.Build.0 = Debug|Any CPU
		{0E6CB2EA-DD84-43E7-8382-DB912ECD8874}.Debug|iPhoneSimulator.ActiveCfg = Debug|Any CPU
		{0E6CB2EA-DD84-43E7-8382-DB912ECD8874}.Debug|iPhoneSimulator.Build.0 = Debug|Any CPU
		{0E6CB2EA-DD84-43E7-8382-DB912ECD8874}.Debug|x64.ActiveCfg = Debug|Any CPU
		{0E6CB2EA-DD84-43E7-8382-DB912ECD8874}.Debug|x64.Build.0 = Debug|Any CPU
		{0E6CB2EA-DD84-43E7-8382-DB912ECD8874}.Debug|x86.ActiveCfg = Debug|Any CPU
		{0E6CB2EA-DD84-43E7-8382-DB912ECD8874}.Debug|x86.Build.0 = Debug|Any CPU
		{0E6CB2EA-DD84-43E7-8382-DB912ECD8874}.Release|Any CPU.ActiveCfg = Release|Any CPU
		{0E6CB2EA-DD84-43E7-8382-DB912ECD8874}.Release|Any CPU.Build.0 = Release|Any CPU
		{0E6CB2EA-DD84-43E7-8382-DB912ECD8874}.Release|ARM.ActiveCfg = Release|Any CPU
		{0E6CB2EA-DD84-43E7-8382-DB912ECD8874}.Release|ARM.Build.0 = Release|Any CPU
		{0E6CB2EA-DD84-43E7-8382-DB912ECD8874}.Release|iPhone.ActiveCfg = Release|Any CPU
		{0E6CB2EA-DD84-43E7-8382-DB912ECD8874}.Release|iPhone.Build.0 = Release|Any CPU
		{0E6CB2EA-DD84-43E7-8382-DB912ECD8874}.Release|iPhoneSimulator.ActiveCfg = Release|Any CPU
		{0E6CB2EA-DD84-43E7-8382-DB912ECD8874}.Release|iPhoneSimulator.Build.0 = Release|Any CPU
		{0E6CB2EA-DD84-43E7-8382-DB912ECD8874}.Release|x64.ActiveCfg = Release|Any CPU
		{0E6CB2EA-DD84-43E7-8382-DB912ECD8874}.Release|x64.Build.0 = Release|Any CPU
		{0E6CB2EA-DD84-43E7-8382-DB912ECD8874}.Release|x86.ActiveCfg = Release|Any CPU
		{0E6CB2EA-DD84-43E7-8382-DB912ECD8874}.Release|x86.Build.0 = Release|Any CPU
		{4E4F8190-5B61-4AFD-A93F-B9D9DF76300C}.Debug|Any CPU.ActiveCfg = Debug|Any CPU
		{4E4F8190-5B61-4AFD-A93F-B9D9DF76300C}.Debug|Any CPU.Build.0 = Debug|Any CPU
		{4E4F8190-5B61-4AFD-A93F-B9D9DF76300C}.Debug|ARM.ActiveCfg = Debug|Any CPU
		{4E4F8190-5B61-4AFD-A93F-B9D9DF76300C}.Debug|ARM.Build.0 = Debug|Any CPU
		{4E4F8190-5B61-4AFD-A93F-B9D9DF76300C}.Debug|iPhone.ActiveCfg = Debug|Any CPU
		{4E4F8190-5B61-4AFD-A93F-B9D9DF76300C}.Debug|iPhone.Build.0 = Debug|Any CPU
		{4E4F8190-5B61-4AFD-A93F-B9D9DF76300C}.Debug|iPhoneSimulator.ActiveCfg = Debug|Any CPU
		{4E4F8190-5B61-4AFD-A93F-B9D9DF76300C}.Debug|iPhoneSimulator.Build.0 = Debug|Any CPU
		{4E4F8190-5B61-4AFD-A93F-B9D9DF76300C}.Debug|x64.ActiveCfg = Debug|Any CPU
		{4E4F8190-5B61-4AFD-A93F-B9D9DF76300C}.Debug|x64.Build.0 = Debug|Any CPU
		{4E4F8190-5B61-4AFD-A93F-B9D9DF76300C}.Debug|x86.ActiveCfg = Debug|Any CPU
		{4E4F8190-5B61-4AFD-A93F-B9D9DF76300C}.Debug|x86.Build.0 = Debug|Any CPU
		{4E4F8190-5B61-4AFD-A93F-B9D9DF76300C}.Release|Any CPU.ActiveCfg = Release|Any CPU
		{4E4F8190-5B61-4AFD-A93F-B9D9DF76300C}.Release|Any CPU.Build.0 = Release|Any CPU
		{4E4F8190-5B61-4AFD-A93F-B9D9DF76300C}.Release|ARM.ActiveCfg = Release|Any CPU
		{4E4F8190-5B61-4AFD-A93F-B9D9DF76300C}.Release|ARM.Build.0 = Release|Any CPU
		{4E4F8190-5B61-4AFD-A93F-B9D9DF76300C}.Release|iPhone.ActiveCfg = Release|Any CPU
		{4E4F8190-5B61-4AFD-A93F-B9D9DF76300C}.Release|iPhone.Build.0 = Release|Any CPU
		{4E4F8190-5B61-4AFD-A93F-B9D9DF76300C}.Release|iPhoneSimulator.ActiveCfg = Release|Any CPU
		{4E4F8190-5B61-4AFD-A93F-B9D9DF76300C}.Release|iPhoneSimulator.Build.0 = Release|Any CPU
		{4E4F8190-5B61-4AFD-A93F-B9D9DF76300C}.Release|x64.ActiveCfg = Release|Any CPU
		{4E4F8190-5B61-4AFD-A93F-B9D9DF76300C}.Release|x64.Build.0 = Release|Any CPU
		{4E4F8190-5B61-4AFD-A93F-B9D9DF76300C}.Release|x86.ActiveCfg = Release|Any CPU
		{4E4F8190-5B61-4AFD-A93F-B9D9DF76300C}.Release|x86.Build.0 = Release|Any CPU
		{106A269C-7936-43F1-99FF-DBF79F4B8B21}.Debug|Any CPU.ActiveCfg = Debug|Any CPU
		{106A269C-7936-43F1-99FF-DBF79F4B8B21}.Debug|Any CPU.Build.0 = Debug|Any CPU
		{106A269C-7936-43F1-99FF-DBF79F4B8B21}.Debug|ARM.ActiveCfg = Debug|Any CPU
		{106A269C-7936-43F1-99FF-DBF79F4B8B21}.Debug|ARM.Build.0 = Debug|Any CPU
		{106A269C-7936-43F1-99FF-DBF79F4B8B21}.Debug|iPhone.ActiveCfg = Debug|Any CPU
		{106A269C-7936-43F1-99FF-DBF79F4B8B21}.Debug|iPhone.Build.0 = Debug|Any CPU
		{106A269C-7936-43F1-99FF-DBF79F4B8B21}.Debug|iPhoneSimulator.ActiveCfg = Debug|Any CPU
		{106A269C-7936-43F1-99FF-DBF79F4B8B21}.Debug|iPhoneSimulator.Build.0 = Debug|Any CPU
		{106A269C-7936-43F1-99FF-DBF79F4B8B21}.Debug|x64.ActiveCfg = Debug|Any CPU
		{106A269C-7936-43F1-99FF-DBF79F4B8B21}.Debug|x64.Build.0 = Debug|Any CPU
		{106A269C-7936-43F1-99FF-DBF79F4B8B21}.Debug|x86.ActiveCfg = Debug|Any CPU
		{106A269C-7936-43F1-99FF-DBF79F4B8B21}.Debug|x86.Build.0 = Debug|Any CPU
		{106A269C-7936-43F1-99FF-DBF79F4B8B21}.Release|Any CPU.ActiveCfg = Release|Any CPU
		{106A269C-7936-43F1-99FF-DBF79F4B8B21}.Release|Any CPU.Build.0 = Release|Any CPU
		{106A269C-7936-43F1-99FF-DBF79F4B8B21}.Release|ARM.ActiveCfg = Release|Any CPU
		{106A269C-7936-43F1-99FF-DBF79F4B8B21}.Release|ARM.Build.0 = Release|Any CPU
		{106A269C-7936-43F1-99FF-DBF79F4B8B21}.Release|iPhone.ActiveCfg = Release|Any CPU
		{106A269C-7936-43F1-99FF-DBF79F4B8B21}.Release|iPhone.Build.0 = Release|Any CPU
		{106A269C-7936-43F1-99FF-DBF79F4B8B21}.Release|iPhoneSimulator.ActiveCfg = Release|Any CPU
		{106A269C-7936-43F1-99FF-DBF79F4B8B21}.Release|iPhoneSimulator.Build.0 = Release|Any CPU
		{106A269C-7936-43F1-99FF-DBF79F4B8B21}.Release|x64.ActiveCfg = Release|Any CPU
		{106A269C-7936-43F1-99FF-DBF79F4B8B21}.Release|x64.Build.0 = Release|Any CPU
		{106A269C-7936-43F1-99FF-DBF79F4B8B21}.Release|x86.ActiveCfg = Release|Any CPU
		{106A269C-7936-43F1-99FF-DBF79F4B8B21}.Release|x86.Build.0 = Release|Any CPU
		{542063E9-A638-49D2-A907-68F97C60115D}.Debug|Any CPU.ActiveCfg = Debug|Any CPU
		{542063E9-A638-49D2-A907-68F97C60115D}.Debug|Any CPU.Build.0 = Debug|Any CPU
		{542063E9-A638-49D2-A907-68F97C60115D}.Debug|ARM.ActiveCfg = Debug|Any CPU
		{542063E9-A638-49D2-A907-68F97C60115D}.Debug|ARM.Build.0 = Debug|Any CPU
		{542063E9-A638-49D2-A907-68F97C60115D}.Debug|iPhone.ActiveCfg = Debug|Any CPU
		{542063E9-A638-49D2-A907-68F97C60115D}.Debug|iPhone.Build.0 = Debug|Any CPU
		{542063E9-A638-49D2-A907-68F97C60115D}.Debug|iPhoneSimulator.ActiveCfg = Debug|Any CPU
		{542063E9-A638-49D2-A907-68F97C60115D}.Debug|iPhoneSimulator.Build.0 = Debug|Any CPU
		{542063E9-A638-49D2-A907-68F97C60115D}.Debug|x64.ActiveCfg = Debug|Any CPU
		{542063E9-A638-49D2-A907-68F97C60115D}.Debug|x64.Build.0 = Debug|Any CPU
		{542063E9-A638-49D2-A907-68F97C60115D}.Debug|x86.ActiveCfg = Debug|Any CPU
		{542063E9-A638-49D2-A907-68F97C60115D}.Debug|x86.Build.0 = Debug|Any CPU
		{542063E9-A638-49D2-A907-68F97C60115D}.Release|Any CPU.ActiveCfg = Release|Any CPU
		{542063E9-A638-49D2-A907-68F97C60115D}.Release|Any CPU.Build.0 = Release|Any CPU
		{542063E9-A638-49D2-A907-68F97C60115D}.Release|ARM.ActiveCfg = Release|Any CPU
		{542063E9-A638-49D2-A907-68F97C60115D}.Release|ARM.Build.0 = Release|Any CPU
		{542063E9-A638-49D2-A907-68F97C60115D}.Release|iPhone.ActiveCfg = Release|Any CPU
		{542063E9-A638-49D2-A907-68F97C60115D}.Release|iPhone.Build.0 = Release|Any CPU
		{542063E9-A638-49D2-A907-68F97C60115D}.Release|iPhoneSimulator.ActiveCfg = Release|Any CPU
		{542063E9-A638-49D2-A907-68F97C60115D}.Release|iPhoneSimulator.Build.0 = Release|Any CPU
		{542063E9-A638-49D2-A907-68F97C60115D}.Release|x64.ActiveCfg = Release|Any CPU
		{542063E9-A638-49D2-A907-68F97C60115D}.Release|x64.Build.0 = Release|Any CPU
		{542063E9-A638-49D2-A907-68F97C60115D}.Release|x86.ActiveCfg = Release|Any CPU
		{542063E9-A638-49D2-A907-68F97C60115D}.Release|x86.Build.0 = Release|Any CPU
		{0F4FF8C7-0D11-439F-ABD5-97BD759DCE34}.Debug|Any CPU.ActiveCfg = Debug|Any CPU
		{0F4FF8C7-0D11-439F-ABD5-97BD759DCE34}.Debug|Any CPU.Build.0 = Debug|Any CPU
		{0F4FF8C7-0D11-439F-ABD5-97BD759DCE34}.Debug|ARM.ActiveCfg = Debug|Any CPU
		{0F4FF8C7-0D11-439F-ABD5-97BD759DCE34}.Debug|ARM.Build.0 = Debug|Any CPU
		{0F4FF8C7-0D11-439F-ABD5-97BD759DCE34}.Debug|iPhone.ActiveCfg = Debug|Any CPU
		{0F4FF8C7-0D11-439F-ABD5-97BD759DCE34}.Debug|iPhone.Build.0 = Debug|Any CPU
		{0F4FF8C7-0D11-439F-ABD5-97BD759DCE34}.Debug|iPhoneSimulator.ActiveCfg = Debug|Any CPU
		{0F4FF8C7-0D11-439F-ABD5-97BD759DCE34}.Debug|iPhoneSimulator.Build.0 = Debug|Any CPU
		{0F4FF8C7-0D11-439F-ABD5-97BD759DCE34}.Debug|x64.ActiveCfg = Debug|Any CPU
		{0F4FF8C7-0D11-439F-ABD5-97BD759DCE34}.Debug|x64.Build.0 = Debug|Any CPU
		{0F4FF8C7-0D11-439F-ABD5-97BD759DCE34}.Debug|x86.ActiveCfg = Debug|Any CPU
		{0F4FF8C7-0D11-439F-ABD5-97BD759DCE34}.Debug|x86.Build.0 = Debug|Any CPU
		{0F4FF8C7-0D11-439F-ABD5-97BD759DCE34}.Release|Any CPU.ActiveCfg = Release|Any CPU
		{0F4FF8C7-0D11-439F-ABD5-97BD759DCE34}.Release|Any CPU.Build.0 = Release|Any CPU
		{0F4FF8C7-0D11-439F-ABD5-97BD759DCE34}.Release|ARM.ActiveCfg = Release|Any CPU
		{0F4FF8C7-0D11-439F-ABD5-97BD759DCE34}.Release|ARM.Build.0 = Release|Any CPU
		{0F4FF8C7-0D11-439F-ABD5-97BD759DCE34}.Release|iPhone.ActiveCfg = Release|Any CPU
		{0F4FF8C7-0D11-439F-ABD5-97BD759DCE34}.Release|iPhone.Build.0 = Release|Any CPU
		{0F4FF8C7-0D11-439F-ABD5-97BD759DCE34}.Release|iPhoneSimulator.ActiveCfg = Release|Any CPU
		{0F4FF8C7-0D11-439F-ABD5-97BD759DCE34}.Release|iPhoneSimulator.Build.0 = Release|Any CPU
		{0F4FF8C7-0D11-439F-ABD5-97BD759DCE34}.Release|x64.ActiveCfg = Release|Any CPU
		{0F4FF8C7-0D11-439F-ABD5-97BD759DCE34}.Release|x64.Build.0 = Release|Any CPU
		{0F4FF8C7-0D11-439F-ABD5-97BD759DCE34}.Release|x86.ActiveCfg = Release|Any CPU
		{0F4FF8C7-0D11-439F-ABD5-97BD759DCE34}.Release|x86.Build.0 = Release|Any CPU
		{11486008-3648-4FF0-9880-997E60E44AF4}.Debug|Any CPU.ActiveCfg = Debug|Any CPU
		{11486008-3648-4FF0-9880-997E60E44AF4}.Debug|Any CPU.Build.0 = Debug|Any CPU
		{11486008-3648-4FF0-9880-997E60E44AF4}.Debug|ARM.ActiveCfg = Debug|Any CPU
		{11486008-3648-4FF0-9880-997E60E44AF4}.Debug|ARM.Build.0 = Debug|Any CPU
		{11486008-3648-4FF0-9880-997E60E44AF4}.Debug|iPhone.ActiveCfg = Debug|Any CPU
		{11486008-3648-4FF0-9880-997E60E44AF4}.Debug|iPhone.Build.0 = Debug|Any CPU
		{11486008-3648-4FF0-9880-997E60E44AF4}.Debug|iPhoneSimulator.ActiveCfg = Debug|Any CPU
		{11486008-3648-4FF0-9880-997E60E44AF4}.Debug|iPhoneSimulator.Build.0 = Debug|Any CPU
		{11486008-3648-4FF0-9880-997E60E44AF4}.Debug|x64.ActiveCfg = Debug|Any CPU
		{11486008-3648-4FF0-9880-997E60E44AF4}.Debug|x64.Build.0 = Debug|Any CPU
		{11486008-3648-4FF0-9880-997E60E44AF4}.Debug|x86.ActiveCfg = Debug|Any CPU
		{11486008-3648-4FF0-9880-997E60E44AF4}.Debug|x86.Build.0 = Debug|Any CPU
		{11486008-3648-4FF0-9880-997E60E44AF4}.Release|Any CPU.ActiveCfg = Release|Any CPU
		{11486008-3648-4FF0-9880-997E60E44AF4}.Release|Any CPU.Build.0 = Release|Any CPU
		{11486008-3648-4FF0-9880-997E60E44AF4}.Release|ARM.ActiveCfg = Release|Any CPU
		{11486008-3648-4FF0-9880-997E60E44AF4}.Release|ARM.Build.0 = Release|Any CPU
		{11486008-3648-4FF0-9880-997E60E44AF4}.Release|iPhone.ActiveCfg = Release|Any CPU
		{11486008-3648-4FF0-9880-997E60E44AF4}.Release|iPhone.Build.0 = Release|Any CPU
		{11486008-3648-4FF0-9880-997E60E44AF4}.Release|iPhoneSimulator.ActiveCfg = Release|Any CPU
		{11486008-3648-4FF0-9880-997E60E44AF4}.Release|iPhoneSimulator.Build.0 = Release|Any CPU
		{11486008-3648-4FF0-9880-997E60E44AF4}.Release|x64.ActiveCfg = Release|Any CPU
		{11486008-3648-4FF0-9880-997E60E44AF4}.Release|x64.Build.0 = Release|Any CPU
		{11486008-3648-4FF0-9880-997E60E44AF4}.Release|x86.ActiveCfg = Release|Any CPU
		{11486008-3648-4FF0-9880-997E60E44AF4}.Release|x86.Build.0 = Release|Any CPU
		{DC39A9EA-1BD3-47C1-BB06-726E08D4F925}.Debug|Any CPU.ActiveCfg = Debug|Any CPU
		{DC39A9EA-1BD3-47C1-BB06-726E08D4F925}.Debug|Any CPU.Build.0 = Debug|Any CPU
		{DC39A9EA-1BD3-47C1-BB06-726E08D4F925}.Debug|ARM.ActiveCfg = Debug|Any CPU
		{DC39A9EA-1BD3-47C1-BB06-726E08D4F925}.Debug|ARM.Build.0 = Debug|Any CPU
		{DC39A9EA-1BD3-47C1-BB06-726E08D4F925}.Debug|ARM.Deploy.0 = Debug|Any CPU
		{DC39A9EA-1BD3-47C1-BB06-726E08D4F925}.Debug|iPhone.ActiveCfg = Debug|Any CPU
		{DC39A9EA-1BD3-47C1-BB06-726E08D4F925}.Debug|iPhone.Build.0 = Debug|Any CPU
		{DC39A9EA-1BD3-47C1-BB06-726E08D4F925}.Debug|iPhone.Deploy.0 = Debug|Any CPU
		{DC39A9EA-1BD3-47C1-BB06-726E08D4F925}.Debug|iPhoneSimulator.ActiveCfg = Debug|Any CPU
		{DC39A9EA-1BD3-47C1-BB06-726E08D4F925}.Debug|iPhoneSimulator.Build.0 = Debug|Any CPU
		{DC39A9EA-1BD3-47C1-BB06-726E08D4F925}.Debug|iPhoneSimulator.Deploy.0 = Debug|Any CPU
		{DC39A9EA-1BD3-47C1-BB06-726E08D4F925}.Debug|x64.ActiveCfg = Debug|Any CPU
		{DC39A9EA-1BD3-47C1-BB06-726E08D4F925}.Debug|x64.Build.0 = Debug|Any CPU
		{DC39A9EA-1BD3-47C1-BB06-726E08D4F925}.Debug|x64.Deploy.0 = Debug|Any CPU
		{DC39A9EA-1BD3-47C1-BB06-726E08D4F925}.Debug|x86.ActiveCfg = Debug|Any CPU
		{DC39A9EA-1BD3-47C1-BB06-726E08D4F925}.Debug|x86.Build.0 = Debug|Any CPU
		{DC39A9EA-1BD3-47C1-BB06-726E08D4F925}.Debug|x86.Deploy.0 = Debug|Any CPU
		{DC39A9EA-1BD3-47C1-BB06-726E08D4F925}.Release|Any CPU.ActiveCfg = Release|Any CPU
		{DC39A9EA-1BD3-47C1-BB06-726E08D4F925}.Release|Any CPU.Build.0 = Release|Any CPU
		{DC39A9EA-1BD3-47C1-BB06-726E08D4F925}.Release|ARM.ActiveCfg = Release|Any CPU
		{DC39A9EA-1BD3-47C1-BB06-726E08D4F925}.Release|ARM.Build.0 = Release|Any CPU
		{DC39A9EA-1BD3-47C1-BB06-726E08D4F925}.Release|ARM.Deploy.0 = Release|Any CPU
		{DC39A9EA-1BD3-47C1-BB06-726E08D4F925}.Release|iPhone.ActiveCfg = Release|Any CPU
		{DC39A9EA-1BD3-47C1-BB06-726E08D4F925}.Release|iPhone.Build.0 = Release|Any CPU
		{DC39A9EA-1BD3-47C1-BB06-726E08D4F925}.Release|iPhone.Deploy.0 = Release|Any CPU
		{DC39A9EA-1BD3-47C1-BB06-726E08D4F925}.Release|iPhoneSimulator.ActiveCfg = Release|Any CPU
		{DC39A9EA-1BD3-47C1-BB06-726E08D4F925}.Release|iPhoneSimulator.Build.0 = Release|Any CPU
		{DC39A9EA-1BD3-47C1-BB06-726E08D4F925}.Release|iPhoneSimulator.Deploy.0 = Release|Any CPU
		{DC39A9EA-1BD3-47C1-BB06-726E08D4F925}.Release|x64.ActiveCfg = Release|Any CPU
		{DC39A9EA-1BD3-47C1-BB06-726E08D4F925}.Release|x64.Build.0 = Release|Any CPU
		{DC39A9EA-1BD3-47C1-BB06-726E08D4F925}.Release|x64.Deploy.0 = Release|Any CPU
		{DC39A9EA-1BD3-47C1-BB06-726E08D4F925}.Release|x86.ActiveCfg = Release|Any CPU
		{DC39A9EA-1BD3-47C1-BB06-726E08D4F925}.Release|x86.Build.0 = Release|Any CPU
		{DC39A9EA-1BD3-47C1-BB06-726E08D4F925}.Release|x86.Deploy.0 = Release|Any CPU
		{FEA0C318-FFED-4D39-8781-265718CA43DD}.Debug|Any CPU.ActiveCfg = Debug|Any CPU
		{FEA0C318-FFED-4D39-8781-265718CA43DD}.Debug|Any CPU.Build.0 = Debug|Any CPU
		{FEA0C318-FFED-4D39-8781-265718CA43DD}.Debug|ARM.ActiveCfg = Debug|Any CPU
		{FEA0C318-FFED-4D39-8781-265718CA43DD}.Debug|ARM.Build.0 = Debug|Any CPU
		{FEA0C318-FFED-4D39-8781-265718CA43DD}.Debug|iPhone.ActiveCfg = Debug|Any CPU
		{FEA0C318-FFED-4D39-8781-265718CA43DD}.Debug|iPhone.Build.0 = Debug|Any CPU
		{FEA0C318-FFED-4D39-8781-265718CA43DD}.Debug|iPhoneSimulator.ActiveCfg = Debug|Any CPU
		{FEA0C318-FFED-4D39-8781-265718CA43DD}.Debug|iPhoneSimulator.Build.0 = Debug|Any CPU
		{FEA0C318-FFED-4D39-8781-265718CA43DD}.Debug|x64.ActiveCfg = Debug|Any CPU
		{FEA0C318-FFED-4D39-8781-265718CA43DD}.Debug|x64.Build.0 = Debug|Any CPU
		{FEA0C318-FFED-4D39-8781-265718CA43DD}.Debug|x86.ActiveCfg = Debug|Any CPU
		{FEA0C318-FFED-4D39-8781-265718CA43DD}.Debug|x86.Build.0 = Debug|Any CPU
		{FEA0C318-FFED-4D39-8781-265718CA43DD}.Release|Any CPU.ActiveCfg = Release|Any CPU
		{FEA0C318-FFED-4D39-8781-265718CA43DD}.Release|Any CPU.Build.0 = Release|Any CPU
		{FEA0C318-FFED-4D39-8781-265718CA43DD}.Release|ARM.ActiveCfg = Release|Any CPU
		{FEA0C318-FFED-4D39-8781-265718CA43DD}.Release|ARM.Build.0 = Release|Any CPU
		{FEA0C318-FFED-4D39-8781-265718CA43DD}.Release|iPhone.ActiveCfg = Release|Any CPU
		{FEA0C318-FFED-4D39-8781-265718CA43DD}.Release|iPhone.Build.0 = Release|Any CPU
		{FEA0C318-FFED-4D39-8781-265718CA43DD}.Release|iPhoneSimulator.ActiveCfg = Release|Any CPU
		{FEA0C318-FFED-4D39-8781-265718CA43DD}.Release|iPhoneSimulator.Build.0 = Release|Any CPU
		{FEA0C318-FFED-4D39-8781-265718CA43DD}.Release|x64.ActiveCfg = Release|Any CPU
		{FEA0C318-FFED-4D39-8781-265718CA43DD}.Release|x64.Build.0 = Release|Any CPU
		{FEA0C318-FFED-4D39-8781-265718CA43DD}.Release|x86.ActiveCfg = Release|Any CPU
		{FEA0C318-FFED-4D39-8781-265718CA43DD}.Release|x86.Build.0 = Release|Any CPU
	EndGlobalSection
	GlobalSection(SolutionProperties) = preSolution
		HideSolutionNode = FALSE
	EndGlobalSection
	GlobalSection(NestedProjects) = preSolution
		{2366314C-4AE8-4BF2-88D0-A10AED955319} = {3AECD354-D657-44C8-A5AC-7B6E6344682F}
		{E41EBE31-8CC7-40AC-9D8A-2A530F06F69D} = {2366314C-4AE8-4BF2-88D0-A10AED955319}
		{900F9B11-8434-4ECB-B930-CE8AB1A59D6A} = {0FFEDBAA-F080-4B47-B47C-1D0EEF130133}
		{EF457C91-038A-46A7-BBE5-B9055D0749EF} = {3AECD354-D657-44C8-A5AC-7B6E6344682F}
		{07ECCECB-FE4B-4FB8-BF38-489F06D11A6F} = {EF457C91-038A-46A7-BBE5-B9055D0749EF}
		{E060CF84-662F-46B2-883C-A8A3B91819EA} = {129AAB3C-E218-4AF2-B324-F15D620C0F86}
		{9FAD338C-FD74-457D-B067-A3489DBE3602} = {129AAB3C-E218-4AF2-B324-F15D620C0F86}
		{AD097C14-0641-46DE-B273-89C84125BAFA} = {3AECD354-D657-44C8-A5AC-7B6E6344682F}
		{F1E5237D-8B2E-4088-99CD-C60C7B915C9B} = {AD097C14-0641-46DE-B273-89C84125BAFA}
		{6143D8D7-87CE-4F7D-8FDC-05ACC121C4FD} = {2CEB7BB4-288A-450F-9A58-C39D2E238F61}
		{F90AB35B-DFAB-4D77-90B7-E1A37259EEE4} = {2CEB7BB4-288A-450F-9A58-C39D2E238F61}
		{AC19F914-0D9D-4258-8C44-85768006F013} = {F90AB35B-DFAB-4D77-90B7-E1A37259EEE4}
		{DB392A89-901A-4849-A65C-295575D4D30F} = {F90AB35B-DFAB-4D77-90B7-E1A37259EEE4}
		{C047CAA3-430B-4B08-B283-08938D53C15F} = {3AECD354-D657-44C8-A5AC-7B6E6344682F}
		{62DBB163-9CA9-4818-B48B-13233DF37C24} = {DB392A89-901A-4849-A65C-295575D4D30F}
		{6EEB23DC-7063-4444-9AF8-90DF24F549C0} = {DB392A89-901A-4849-A65C-295575D4D30F}
		{6A6D66AD-45F7-4648-A9AA-1439945EDA3C} = {F90AB35B-DFAB-4D77-90B7-E1A37259EEE4}
		{C3C1E2CF-B1F7-4654-BBDC-50143DB22E0B} = {DB392A89-901A-4849-A65C-295575D4D30F}
		{A289A7F0-ACD8-42AE-87B6-AB1AFD310BF1} = {6A6D66AD-45F7-4648-A9AA-1439945EDA3C}
		{B68C2B56-7581-46AE-B55D-D25DDFD3BFE3} = {6A6D66AD-45F7-4648-A9AA-1439945EDA3C}
		{A7337243-33B8-463A-87AD-944B75EFD820} = {6A6D66AD-45F7-4648-A9AA-1439945EDA3C}
		{DB825DF5-3375-4809-B0D2-E79989A6C17D} = {6A6D66AD-45F7-4648-A9AA-1439945EDA3C}
		{A207E524-3E00-4083-98BC-DCA92765C602} = {EF457C91-038A-46A7-BBE5-B9055D0749EF}
		{0E6CB2EA-DD84-43E7-8382-DB912ECD8874} = {EF457C91-038A-46A7-BBE5-B9055D0749EF}
		{4E4F8190-5B61-4AFD-A93F-B9D9DF76300C} = {07ECCECB-FE4B-4FB8-BF38-489F06D11A6F}
		{106A269C-7936-43F1-99FF-DBF79F4B8B21} = {07ECCECB-FE4B-4FB8-BF38-489F06D11A6F}
		{542063E9-A638-49D2-A907-68F97C60115D} = {07ECCECB-FE4B-4FB8-BF38-489F06D11A6F}
		{0F4FF8C7-0D11-439F-ABD5-97BD759DCE34} = {EF457C91-038A-46A7-BBE5-B9055D0749EF}
		{11486008-3648-4FF0-9880-997E60E44AF4} = {6143D8D7-87CE-4F7D-8FDC-05ACC121C4FD}
		{DC39A9EA-1BD3-47C1-BB06-726E08D4F925} = {6143D8D7-87CE-4F7D-8FDC-05ACC121C4FD}
	EndGlobalSection
	GlobalSection(ExtensibilityGlobals) = postSolution
		SolutionGuid = {C8CEAA86-4C33-428E-9AFC-03ECE4800979}
	EndGlobalSection
EndGlobal
