
Microsoft Visual Studio Solution File, Format Version 12.00
# Visual Studio 15
Project("{FAE04EC0-301F-11D3-BF4B-00C04F79EFBC}") = "MinskArenaApp.Android", "MinskArenaApp.Android\MinskArenaApp.Android.csproj", "{DC39A9EA-1BD3-47C1-BB06-726E08D4F925}"
EndProject
Project("{FAE04EC0-301F-11D3-BF4B-00C04F79EFBC}") = "MinskArenaApp.iOS", "MinskArenaApp.iOS\MinskArenaApp.iOS.csproj", "{3FA21745-1344-4EA8-9F0B-523FCBEB3EB1}"
EndProject
Project("{FAE04EC0-301F-11D3-BF4B-00C04F79EFBC}") = "MinskArenaApp", "MinskArenaApp\MinskArenaApp.csproj", "{62A7E5F3-5A25-4103-B935-F0EDD20FED03}"
EndProject
Project("{FAE04EC0-301F-11D3-BF4B-00C04F79EFBC}") = "O2.ToolKit", "..\Core\O2.ToolKit\O2.ToolKit.csproj", "{BF170D73-DA31-4D87-8EF0-05D8270CA217}"
EndProject
Project("{FAE04EC0-301F-11D3-BF4B-00C04F79EFBC}") = "O2.ToolKit.Core", "..\Core\O2.ToolKit.Core\O2.ToolKit.Core.csproj", "{E9D98E49-22CE-4BA6-8F87-2646BA8902E7}"
EndProject
Project("{FAE04EC0-301F-11D3-BF4B-00C04F79EFBC}") = "O2.ToolKit.Core.Commands", "..\Core\O2.ToolKit.Core.Commands\O2.ToolKit.Core.Commands.csproj", "{036C6575-6EFE-41C0-970F-4D994BB0416D}"
EndProject
Project("{2150E333-8FDC-42A3-9474-1A3956D46DE8}") = "Core", "Core", "{E88C3ECC-7891-435A-831E-DE546B05C54D}"
EndProject
Global
	GlobalSection(SolutionConfigurationPlatforms) = preSolution
		Debug|Any CPU = Debug|Any CPU
		Release|Any CPU = Release|Any CPU
		Debug|iPhoneSimulator = Debug|iPhoneSimulator
		Release|iPhoneSimulator = Release|iPhoneSimulator
		Debug|iPhone = Debug|iPhone
		Release|iPhone = Release|iPhone
	EndGlobalSection
	GlobalSection(ProjectConfigurationPlatforms) = postSolution
		{DC39A9EA-1BD3-47C1-BB06-726E08D4F925}.Debug|Any CPU.ActiveCfg = Debug|Any CPU
		{DC39A9EA-1BD3-47C1-BB06-726E08D4F925}.Debug|Any CPU.Build.0 = Debug|Any CPU
		{DC39A9EA-1BD3-47C1-BB06-726E08D4F925}.Release|Any CPU.ActiveCfg = Release|Any CPU
		{DC39A9EA-1BD3-47C1-BB06-726E08D4F925}.Release|Any CPU.Build.0 = Release|Any CPU
		{DC39A9EA-1BD3-47C1-BB06-726E08D4F925}.Debug|iPhoneSimulator.ActiveCfg = Debug|Any CPU
		{DC39A9EA-1BD3-47C1-BB06-726E08D4F925}.Debug|iPhoneSimulator.Build.0 = Debug|Any CPU
		{DC39A9EA-1BD3-47C1-BB06-726E08D4F925}.Release|iPhoneSimulator.ActiveCfg = Release|Any CPU
		{DC39A9EA-1BD3-47C1-BB06-726E08D4F925}.Release|iPhoneSimulator.Build.0 = Release|Any CPU
		{DC39A9EA-1BD3-47C1-BB06-726E08D4F925}.Debug|iPhone.ActiveCfg = Debug|Any CPU
		{DC39A9EA-1BD3-47C1-BB06-726E08D4F925}.Debug|iPhone.Build.0 = Debug|Any CPU
		{DC39A9EA-1BD3-47C1-BB06-726E08D4F925}.Release|iPhone.ActiveCfg = Release|Any CPU
		{DC39A9EA-1BD3-47C1-BB06-726E08D4F925}.Release|iPhone.Build.0 = Release|Any CPU
		{3FA21745-1344-4EA8-9F0B-523FCBEB3EB1}.Debug|Any CPU.ActiveCfg = Debug|iPhoneSimulator
		{3FA21745-1344-4EA8-9F0B-523FCBEB3EB1}.Debug|Any CPU.Build.0 = Debug|iPhoneSimulator
		{3FA21745-1344-4EA8-9F0B-523FCBEB3EB1}.Release|Any CPU.ActiveCfg = Release|iPhoneSimulator
		{3FA21745-1344-4EA8-9F0B-523FCBEB3EB1}.Release|Any CPU.Build.0 = Release|iPhoneSimulator
		{3FA21745-1344-4EA8-9F0B-523FCBEB3EB1}.Debug|iPhoneSimulator.ActiveCfg = Debug|iPhoneSimulator
		{3FA21745-1344-4EA8-9F0B-523FCBEB3EB1}.Debug|iPhoneSimulator.Build.0 = Debug|iPhoneSimulator
		{3FA21745-1344-4EA8-9F0B-523FCBEB3EB1}.Release|iPhoneSimulator.ActiveCfg = Release|iPhoneSimulator
		{3FA21745-1344-4EA8-9F0B-523FCBEB3EB1}.Release|iPhoneSimulator.Build.0 = Release|iPhoneSimulator
		{3FA21745-1344-4EA8-9F0B-523FCBEB3EB1}.Debug|iPhone.ActiveCfg = Debug|iPhone
		{3FA21745-1344-4EA8-9F0B-523FCBEB3EB1}.Debug|iPhone.Build.0 = Debug|iPhone
		{3FA21745-1344-4EA8-9F0B-523FCBEB3EB1}.Release|iPhone.ActiveCfg = Release|iPhone
		{3FA21745-1344-4EA8-9F0B-523FCBEB3EB1}.Release|iPhone.Build.0 = Release|iPhone
		{62A7E5F3-5A25-4103-B935-F0EDD20FED03}.Debug|Any CPU.ActiveCfg = Debug|Any CPU
		{62A7E5F3-5A25-4103-B935-F0EDD20FED03}.Debug|Any CPU.Build.0 = Debug|Any CPU
		{62A7E5F3-5A25-4103-B935-F0EDD20FED03}.Release|Any CPU.ActiveCfg = Release|Any CPU
		{62A7E5F3-5A25-4103-B935-F0EDD20FED03}.Release|Any CPU.Build.0 = Release|Any CPU
		{62A7E5F3-5A25-4103-B935-F0EDD20FED03}.Debug|iPhoneSimulator.ActiveCfg = Debug|Any CPU
		{62A7E5F3-5A25-4103-B935-F0EDD20FED03}.Debug|iPhoneSimulator.Build.0 = Debug|Any CPU
		{62A7E5F3-5A25-4103-B935-F0EDD20FED03}.Release|iPhoneSimulator.ActiveCfg = Release|Any CPU
		{62A7E5F3-5A25-4103-B935-F0EDD20FED03}.Release|iPhoneSimulator.Build.0 = Release|Any CPU
		{62A7E5F3-5A25-4103-B935-F0EDD20FED03}.Debug|iPhone.ActiveCfg = Debug|Any CPU
		{62A7E5F3-5A25-4103-B935-F0EDD20FED03}.Debug|iPhone.Build.0 = Debug|Any CPU
		{62A7E5F3-5A25-4103-B935-F0EDD20FED03}.Release|iPhone.ActiveCfg = Release|Any CPU
		{62A7E5F3-5A25-4103-B935-F0EDD20FED03}.Release|iPhone.Build.0 = Release|Any CPU
		{BF170D73-DA31-4D87-8EF0-05D8270CA217}.Debug|Any CPU.ActiveCfg = Debug|Any CPU
		{BF170D73-DA31-4D87-8EF0-05D8270CA217}.Debug|Any CPU.Build.0 = Debug|Any CPU
		{BF170D73-DA31-4D87-8EF0-05D8270CA217}.Release|Any CPU.ActiveCfg = Release|Any CPU
		{BF170D73-DA31-4D87-8EF0-05D8270CA217}.Release|Any CPU.Build.0 = Release|Any CPU
		{BF170D73-DA31-4D87-8EF0-05D8270CA217}.Debug|iPhoneSimulator.ActiveCfg = Debug|Any CPU
		{BF170D73-DA31-4D87-8EF0-05D8270CA217}.Debug|iPhoneSimulator.Build.0 = Debug|Any CPU
		{BF170D73-DA31-4D87-8EF0-05D8270CA217}.Release|iPhoneSimulator.ActiveCfg = Release|Any CPU
		{BF170D73-DA31-4D87-8EF0-05D8270CA217}.Release|iPhoneSimulator.Build.0 = Release|Any CPU
		{BF170D73-DA31-4D87-8EF0-05D8270CA217}.Debug|iPhone.ActiveCfg = Debug|Any CPU
		{BF170D73-DA31-4D87-8EF0-05D8270CA217}.Debug|iPhone.Build.0 = Debug|Any CPU
		{BF170D73-DA31-4D87-8EF0-05D8270CA217}.Release|iPhone.ActiveCfg = Release|Any CPU
		{BF170D73-DA31-4D87-8EF0-05D8270CA217}.Release|iPhone.Build.0 = Release|Any CPU
		{E9D98E49-22CE-4BA6-8F87-2646BA8902E7}.Debug|Any CPU.ActiveCfg = Debug|Any CPU
		{E9D98E49-22CE-4BA6-8F87-2646BA8902E7}.Debug|Any CPU.Build.0 = Debug|Any CPU
		{E9D98E49-22CE-4BA6-8F87-2646BA8902E7}.Release|Any CPU.ActiveCfg = Release|Any CPU
		{E9D98E49-22CE-4BA6-8F87-2646BA8902E7}.Release|Any CPU.Build.0 = Release|Any CPU
		{E9D98E49-22CE-4BA6-8F87-2646BA8902E7}.Debug|iPhoneSimulator.ActiveCfg = Debug|Any CPU
		{E9D98E49-22CE-4BA6-8F87-2646BA8902E7}.Debug|iPhoneSimulator.Build.0 = Debug|Any CPU
		{E9D98E49-22CE-4BA6-8F87-2646BA8902E7}.Release|iPhoneSimulator.ActiveCfg = Release|Any CPU
		{E9D98E49-22CE-4BA6-8F87-2646BA8902E7}.Release|iPhoneSimulator.Build.0 = Release|Any CPU
		{E9D98E49-22CE-4BA6-8F87-2646BA8902E7}.Debug|iPhone.ActiveCfg = Debug|Any CPU
		{E9D98E49-22CE-4BA6-8F87-2646BA8902E7}.Debug|iPhone.Build.0 = Debug|Any CPU
		{E9D98E49-22CE-4BA6-8F87-2646BA8902E7}.Release|iPhone.ActiveCfg = Release|Any CPU
		{E9D98E49-22CE-4BA6-8F87-2646BA8902E7}.Release|iPhone.Build.0 = Release|Any CPU
		{036C6575-6EFE-41C0-970F-4D994BB0416D}.Debug|Any CPU.ActiveCfg = Debug|Any CPU
		{036C6575-6EFE-41C0-970F-4D994BB0416D}.Debug|Any CPU.Build.0 = Debug|Any CPU
		{036C6575-6EFE-41C0-970F-4D994BB0416D}.Release|Any CPU.ActiveCfg = Release|Any CPU
		{036C6575-6EFE-41C0-970F-4D994BB0416D}.Release|Any CPU.Build.0 = Release|Any CPU
		{036C6575-6EFE-41C0-970F-4D994BB0416D}.Debug|iPhoneSimulator.ActiveCfg = Debug|Any CPU
		{036C6575-6EFE-41C0-970F-4D994BB0416D}.Debug|iPhoneSimulator.Build.0 = Debug|Any CPU
		{036C6575-6EFE-41C0-970F-4D994BB0416D}.Release|iPhoneSimulator.ActiveCfg = Release|Any CPU
		{036C6575-6EFE-41C0-970F-4D994BB0416D}.Release|iPhoneSimulator.Build.0 = Release|Any CPU
		{036C6575-6EFE-41C0-970F-4D994BB0416D}.Debug|iPhone.ActiveCfg = Debug|Any CPU
		{036C6575-6EFE-41C0-970F-4D994BB0416D}.Debug|iPhone.Build.0 = Debug|Any CPU
		{036C6575-6EFE-41C0-970F-4D994BB0416D}.Release|iPhone.ActiveCfg = Release|Any CPU
		{036C6575-6EFE-41C0-970F-4D994BB0416D}.Release|iPhone.Build.0 = Release|Any CPU
	EndGlobalSection
	GlobalSection(NestedProjects) = preSolution
		{BF170D73-DA31-4D87-8EF0-05D8270CA217} = {E88C3ECC-7891-435A-831E-DE546B05C54D}
		{E9D98E49-22CE-4BA6-8F87-2646BA8902E7} = {E88C3ECC-7891-435A-831E-DE546B05C54D}
		{036C6575-6EFE-41C0-970F-4D994BB0416D} = {E88C3ECC-7891-435A-831E-DE546B05C54D}
	EndGlobalSection
EndGlobal
